Microsoft Visual Studio Solution File, Format Version 12.00
# Visual Studio Express 2012 for Windows Desktop
Project("{8BC9CEB8-8B4A-11D0-8D11-00A0C91BC942}") = "GodzEngine", "CoreFramework\CoreFramework.vcxproj", "{B70EE78E-D57C-46C4-A9C2-81F04904B0C2}"
EndProject
Project("{8BC9CEB8-8B4A-11D0-8D11-00A0C91BC942}") = "DX9RenderPipeline", "DX9RenderPipeline\DX9RenderPipeline.vcxproj", "{8F290904-2AFC-42B6-B67F-90CE511FE628}"
EndProject
Project("{8BC9CEB8-8B4A-11D0-8D11-00A0C91BC942}") = "ScriptSystem", "ScriptSystem\ScriptSystem.vcxproj", "{92143260-3AD6-4296-99EB-FACDABDCF45B}"
EndProject
Project("{8BC9CEB8-8B4A-11D0-8D11-00A0C91BC942}") = "GodzGameDemo", "GodzGame\GodzGame.vcxproj", "{5A1414A6-5F47-4294-8420-51E1CEECB1BF}"
EndProject
Project("{FAE04EC0-301F-11D3-BF4B-00C04F79EFBC}") = "RyotianEd", "RyotianEd\RyotianEd.csproj", "{14342DE9-472D-41A9-8AD1-42D5340C1A0F}"
EndProject
Project("{8BC9CEB8-8B4A-11D0-8D11-00A0C91BC942}") = "lualib", "LUA\lualib\lualib.vcxproj", "{D01D9A3E-6039-4479-B1E0-28382641B94D}"
EndProject
Project("{8BC9CEB8-8B4A-11D0-8D11-00A0C91BC942}") = "lua", "LUA\lua\lua.vcxproj", "{86B30CD8-8C99-4CFF-804E-16EB5891A1D8}"
EndProject
Project("{8BC9CEB8-8B4A-11D0-8D11-00A0C91BC942}") = "Hosts", "Hosts\Hosts.vcxproj", "{893C513B-6912-4752-8AAB-C00F50DDAA36}"
EndProject
Project("{8BC9CEB8-8B4A-11D0-8D11-00A0C91BC942}") = "Test", "Test\Test.vcxproj", "{848A974A-527F-40DF-89FF-0E2CAA552EC8}"
EndProject
Project("{8BC9CEB8-8B4A-11D0-8D11-00A0C91BC942}") = "BulletCollision", "Bullet\BulletCollision.vcxproj", "{C0E1329C-3D6F-492D-8EFF-08069F096C6E}"
EndProject
Project("{8BC9CEB8-8B4A-11D0-8D11-00A0C91BC942}") = "LinearMath", "Bullet\LinearMath.vcxproj", "{519F115F-F196-49FE-9B24-49618A6202BB}"
EndProject
Project("{8BC9CEB8-8B4A-11D0-8D11-00A0C91BC942}") = "GodzGlue", "GodzGlue\GodzGlue.vcxproj", "{9DE828F3-3050-436F-A05E-96351F9DF414}"
EndProject
Project("{8BC9CEB8-8B4A-11D0-8D11-00A0C91BC942}") = "Tools", "Tools\Tools.vcxproj", "{FD0E1625-DD77-4ACA-9794-CB1245CB9904}"
EndProject
Global
	GlobalSection(SolutionConfigurationPlatforms) = preSolution
		Debug|Any CPU = Debug|Any CPU
		Debug|Mixed Platforms = Debug|Mixed Platforms
		Debug|Win32 = Debug|Win32
		Final|Any CPU = Final|Any CPU
		Final|Mixed Platforms = Final|Mixed Platforms
		Final|Win32 = Final|Win32
		MinSizeRel|Any CPU = MinSizeRel|Any CPU
		MinSizeRel|Mixed Platforms = MinSizeRel|Mixed Platforms
		MinSizeRel|Win32 = MinSizeRel|Win32
		Profile|Any CPU = Profile|Any CPU
		Profile|Mixed Platforms = Profile|Mixed Platforms
		Profile|Win32 = Profile|Win32
		Release|Any CPU = Release|Any CPU
		Release|Mixed Platforms = Release|Mixed Platforms
		Release|Win32 = Release|Win32
		RelWithDebInfo|Any CPU = RelWithDebInfo|Any CPU
		RelWithDebInfo|Mixed Platforms = RelWithDebInfo|Mixed Platforms
		RelWithDebInfo|Win32 = RelWithDebInfo|Win32
	EndGlobalSection
	GlobalSection(ProjectConfigurationPlatforms) = postSolution
		{B70EE78E-D57C-46C4-A9C2-81F04904B0C2}.Debug|Any CPU.ActiveCfg = Debug|Win32
		{B70EE78E-D57C-46C4-A9C2-81F04904B0C2}.Debug|Any CPU.Build.0 = Debug|Win32
		{B70EE78E-D57C-46C4-A9C2-81F04904B0C2}.Debug|Mixed Platforms.ActiveCfg = Debug|Win32
		{B70EE78E-D57C-46C4-A9C2-81F04904B0C2}.Debug|Mixed Platforms.Build.0 = Debug|Win32
		{B70EE78E-D57C-46C4-A9C2-81F04904B0C2}.Debug|Win32.ActiveCfg = Debug|Win32
		{B70EE78E-D57C-46C4-A9C2-81F04904B0C2}.Debug|Win32.Build.0 = Debug|Win32
		{B70EE78E-D57C-46C4-A9C2-81F04904B0C2}.Final|Any CPU.ActiveCfg = Final|Win32
		{B70EE78E-D57C-46C4-A9C2-81F04904B0C2}.Final|Any CPU.Build.0 = Final|Win32
		{B70EE78E-D57C-46C4-A9C2-81F04904B0C2}.Final|Mixed Platforms.ActiveCfg = Final|Win32
		{B70EE78E-D57C-46C4-A9C2-81F04904B0C2}.Final|Mixed Platforms.Build.0 = Final|Win32
		{B70EE78E-D57C-46C4-A9C2-81F04904B0C2}.Final|Win32.ActiveCfg = Final|Win32
		{B70EE78E-D57C-46C4-A9C2-81F04904B0C2}.Final|Win32.Build.0 = Final|Win32
		{B70EE78E-D57C-46C4-A9C2-81F04904B0C2}.MinSizeRel|Any CPU.ActiveCfg = Profile|Win32
		{B70EE78E-D57C-46C4-A9C2-81F04904B0C2}.MinSizeRel|Mixed Platforms.ActiveCfg = Profile|Win32
		{B70EE78E-D57C-46C4-A9C2-81F04904B0C2}.MinSizeRel|Mixed Platforms.Build.0 = Profile|Win32
		{B70EE78E-D57C-46C4-A9C2-81F04904B0C2}.MinSizeRel|Win32.ActiveCfg = Profile|Win32
		{B70EE78E-D57C-46C4-A9C2-81F04904B0C2}.MinSizeRel|Win32.Build.0 = Profile|Win32
		{B70EE78E-D57C-46C4-A9C2-81F04904B0C2}.Profile|Any CPU.ActiveCfg = Profile|Win32
		{B70EE78E-D57C-46C4-A9C2-81F04904B0C2}.Profile|Any CPU.Build.0 = Profile|Win32
		{B70EE78E-D57C-46C4-A9C2-81F04904B0C2}.Profile|Mixed Platforms.ActiveCfg = Profile|Win32
		{B70EE78E-D57C-46C4-A9C2-81F04904B0C2}.Profile|Mixed Platforms.Build.0 = Profile|Win32
		{B70EE78E-D57C-46C4-A9C2-81F04904B0C2}.Profile|Win32.ActiveCfg = Profile|Win32
		{B70EE78E-D57C-46C4-A9C2-81F04904B0C2}.Profile|Win32.Build.0 = Profile|Win32
		{B70EE78E-D57C-46C4-A9C2-81F04904B0C2}.Release|Any CPU.ActiveCfg = Release|Win32
		{B70EE78E-D57C-46C4-A9C2-81F04904B0C2}.Release|Any CPU.Build.0 = Release|Win32
		{B70EE78E-D57C-46C4-A9C2-81F04904B0C2}.Release|Mixed Platforms.ActiveCfg = Release|Win32
		{B70EE78E-D57C-46C4-A9C2-81F04904B0C2}.Release|Mixed Platforms.Build.0 = Release|Win32
		{B70EE78E-D57C-46C4-A9C2-81F04904B0C2}.Release|Win32.ActiveCfg = Release|Win32
		{B70EE78E-D57C-46C4-A9C2-81F04904B0C2}.Release|Win32.Build.0 = Release|Win32
		{B70EE78E-D57C-46C4-A9C2-81F04904B0C2}.RelWithDebInfo|Any CPU.ActiveCfg = Release|Win32
		{B70EE78E-D57C-46C4-A9C2-81F04904B0C2}.RelWithDebInfo|Mixed Platforms.ActiveCfg = Release|Win32
		{B70EE78E-D57C-46C4-A9C2-81F04904B0C2}.RelWithDebInfo|Mixed Platforms.Build.0 = Release|Win32
		{B70EE78E-D57C-46C4-A9C2-81F04904B0C2}.RelWithDebInfo|Win32.ActiveCfg = Release|Win32
		{B70EE78E-D57C-46C4-A9C2-81F04904B0C2}.RelWithDebInfo|Win32.Build.0 = Release|Win32
		{8F290904-2AFC-42B6-B67F-90CE511FE628}.Debug|Any CPU.ActiveCfg = Debug|Win32
		{8F290904-2AFC-42B6-B67F-90CE511FE628}.Debug|Any CPU.Build.0 = Debug|Win32
		{8F290904-2AFC-42B6-B67F-90CE511FE628}.Debug|Mixed Platforms.ActiveCfg = Debug|Win32
		{8F290904-2AFC-42B6-B67F-90CE511FE628}.Debug|Mixed Platforms.Build.0 = Debug|Win32
		{8F290904-2AFC-42B6-B67F-90CE511FE628}.Debug|Win32.ActiveCfg = Debug|Win32
		{8F290904-2AFC-42B6-B67F-90CE511FE628}.Debug|Win32.Build.0 = Debug|Win32
		{8F290904-2AFC-42B6-B67F-90CE511FE628}.Final|Any CPU.ActiveCfg = Final|Win32
		{8F290904-2AFC-42B6-B67F-90CE511FE628}.Final|Any CPU.Build.0 = Final|Win32
		{8F290904-2AFC-42B6-B67F-90CE511FE628}.Final|Mixed Platforms.ActiveCfg = Final|Win32
		{8F290904-2AFC-42B6-B67F-90CE511FE628}.Final|Mixed Platforms.Build.0 = Final|Win32
		{8F290904-2AFC-42B6-B67F-90CE511FE628}.Final|Win32.ActiveCfg = Final|Win32
		{8F290904-2AFC-42B6-B67F-90CE511FE628}.Final|Win32.Build.0 = Final|Win32
		{8F290904-2AFC-42B6-B67F-90CE511FE628}.MinSizeRel|Any CPU.ActiveCfg = Profile|Win32
		{8F290904-2AFC-42B6-B67F-90CE511FE628}.MinSizeRel|Mixed Platforms.ActiveCfg = Profile|Win32
		{8F290904-2AFC-42B6-B67F-90CE511FE628}.MinSizeRel|Mixed Platforms.Build.0 = Profile|Win32
		{8F290904-2AFC-42B6-B67F-90CE511FE628}.MinSizeRel|Win32.ActiveCfg = Profile|Win32
		{8F290904-2AFC-42B6-B67F-90CE511FE628}.MinSizeRel|Win32.Build.0 = Profile|Win32
		{8F290904-2AFC-42B6-B67F-90CE511FE628}.Profile|Any CPU.ActiveCfg = Profile|Win32
		{8F290904-2AFC-42B6-B67F-90CE511FE628}.Profile|Any CPU.Build.0 = Profile|Win32
		{8F290904-2AFC-42B6-B67F-90CE511FE628}.Profile|Mixed Platforms.ActiveCfg = Profile|Win32
		{8F290904-2AFC-42B6-B67F-90CE511FE628}.Profile|Mixed Platforms.Build.0 = Profile|Win32
		{8F290904-2AFC-42B6-B67F-90CE511FE628}.Profile|Win32.ActiveCfg = Profile|Win32
		{8F290904-2AFC-42B6-B67F-90CE511FE628}.Profile|Win32.Build.0 = Profile|Win32
		{8F290904-2AFC-42B6-B67F-90CE511FE628}.Release|Any CPU.ActiveCfg = Release|Win32
		{8F290904-2AFC-42B6-B67F-90CE511FE628}.Release|Any CPU.Build.0 = Release|Win32
		{8F290904-2AFC-42B6-B67F-90CE511FE628}.Release|Mixed Platforms.ActiveCfg = Release|Win32
		{8F290904-2AFC-42B6-B67F-90CE511FE628}.Release|Mixed Platforms.Build.0 = Release|Win32
		{8F290904-2AFC-42B6-B67F-90CE511FE628}.Release|Win32.ActiveCfg = Release|Win32
		{8F290904-2AFC-42B6-B67F-90CE511FE628}.Release|Win32.Build.0 = Release|Win32
		{8F290904-2AFC-42B6-B67F-90CE511FE628}.RelWithDebInfo|Any CPU.ActiveCfg = Release|Win32
		{8F290904-2AFC-42B6-B67F-90CE511FE628}.RelWithDebInfo|Mixed Platforms.ActiveCfg = Release|Win32
		{8F290904-2AFC-42B6-B67F-90CE511FE628}.RelWithDebInfo|Mixed Platforms.Build.0 = Release|Win32
		{8F290904-2AFC-42B6-B67F-90CE511FE628}.RelWithDebInfo|Win32.ActiveCfg = Release|Win32
		{8F290904-2AFC-42B6-B67F-90CE511FE628}.RelWithDebInfo|Win32.Build.0 = Release|Win32
		{92143260-3AD6-4296-99EB-FACDABDCF45B}.Debug|Any CPU.ActiveCfg = Debug|Win32
		{92143260-3AD6-4296-99EB-FACDABDCF45B}.Debug|Any CPU.Build.0 = Debug|Win32
		{92143260-3AD6-4296-99EB-FACDABDCF45B}.Debug|Mixed Platforms.ActiveCfg = Debug|Win32
		{92143260-3AD6-4296-99EB-FACDABDCF45B}.Debug|Mixed Platforms.Build.0 = Debug|Win32
		{92143260-3AD6-4296-99EB-FACDABDCF45B}.Debug|Win32.ActiveCfg = Debug|Win32
		{92143260-3AD6-4296-99EB-FACDABDCF45B}.Debug|Win32.Build.0 = Debug|Win32
		{92143260-3AD6-4296-99EB-FACDABDCF45B}.Final|Any CPU.ActiveCfg = Final|Win32
		{92143260-3AD6-4296-99EB-FACDABDCF45B}.Final|Any CPU.Build.0 = Final|Win32
		{92143260-3AD6-4296-99EB-FACDABDCF45B}.Final|Mixed Platforms.ActiveCfg = Final|Win32
		{92143260-3AD6-4296-99EB-FACDABDCF45B}.Final|Mixed Platforms.Build.0 = Final|Win32
		{92143260-3AD6-4296-99EB-FACDABDCF45B}.Final|Win32.ActiveCfg = Final|Win32
		{92143260-3AD6-4296-99EB-FACDABDCF45B}.Final|Win32.Build.0 = Final|Win32
		{92143260-3AD6-4296-99EB-FACDABDCF45B}.MinSizeRel|Any CPU.ActiveCfg = Profile|Win32
		{92143260-3AD6-4296-99EB-FACDABDCF45B}.MinSizeRel|Mixed Platforms.ActiveCfg = Profile|Win32
		{92143260-3AD6-4296-99EB-FACDABDCF45B}.MinSizeRel|Mixed Platforms.Build.0 = Profile|Win32
		{92143260-3AD6-4296-99EB-FACDABDCF45B}.MinSizeRel|Win32.ActiveCfg = Profile|Win32
		{92143260-3AD6-4296-99EB-FACDABDCF45B}.MinSizeRel|Win32.Build.0 = Profile|Win32
		{92143260-3AD6-4296-99EB-FACDABDCF45B}.Profile|Any CPU.ActiveCfg = Profile|Win32
		{92143260-3AD6-4296-99EB-FACDABDCF45B}.Profile|Any CPU.Build.0 = Profile|Win32
		{92143260-3AD6-4296-99EB-FACDABDCF45B}.Profile|Mixed Platforms.ActiveCfg = Profile|Win32
		{92143260-3AD6-4296-99EB-FACDABDCF45B}.Profile|Mixed Platforms.Build.0 = Profile|Win32
		{92143260-3AD6-4296-99EB-FACDABDCF45B}.Profile|Win32.ActiveCfg = Profile|Win32
		{92143260-3AD6-4296-99EB-FACDABDCF45B}.Profile|Win32.Build.0 = Profile|Win32
		{92143260-3AD6-4296-99EB-FACDABDCF45B}.Release|Any CPU.ActiveCfg = Release|Win32
		{92143260-3AD6-4296-99EB-FACDABDCF45B}.Release|Any CPU.Build.0 = Release|Win32
		{92143260-3AD6-4296-99EB-FACDABDCF45B}.Release|Mixed Platforms.ActiveCfg = Release|Win32
		{92143260-3AD6-4296-99EB-FACDABDCF45B}.Release|Mixed Platforms.Build.0 = Release|Win32
		{92143260-3AD6-4296-99EB-FACDABDCF45B}.Release|Win32.ActiveCfg = Release|Win32
		{92143260-3AD6-4296-99EB-FACDABDCF45B}.Release|Win32.Build.0 = Release|Win32
		{92143260-3AD6-4296-99EB-FACDABDCF45B}.RelWithDebInfo|Any CPU.ActiveCfg = Release|Win32
		{92143260-3AD6-4296-99EB-FACDABDCF45B}.RelWithDebInfo|Mixed Platforms.ActiveCfg = Release|Win32
		{92143260-3AD6-4296-99EB-FACDABDCF45B}.RelWithDebInfo|Mixed Platforms.Build.0 = Release|Win32
		{92143260-3AD6-4296-99EB-FACDABDCF45B}.RelWithDebInfo|Win32.ActiveCfg = Release|Win32
		{92143260-3AD6-4296-99EB-FACDABDCF45B}.RelWithDebInfo|Win32.Build.0 = Release|Win32
		{5A1414A6-5F47-4294-8420-51E1CEECB1BF}.Debug|Any CPU.ActiveCfg = Debug|Win32
		{5A1414A6-5F47-4294-8420-51E1CEECB1BF}.Debug|Any CPU.Build.0 = Debug|Win32
		{5A1414A6-5F47-4294-8420-51E1CEECB1BF}.Debug|Mixed Platforms.ActiveCfg = Debug|Win32
		{5A1414A6-5F47-4294-8420-51E1CEECB1BF}.Debug|Mixed Platforms.Build.0 = Debug|Win32
		{5A1414A6-5F47-4294-8420-51E1CEECB1BF}.Debug|Win32.ActiveCfg = Debug|Win32
		{5A1414A6-5F47-4294-8420-51E1CEECB1BF}.Debug|Win32.Build.0 = Debug|Win32
		{5A1414A6-5F47-4294-8420-51E1CEECB1BF}.Final|Any CPU.ActiveCfg = Final|Win32
		{5A1414A6-5F47-4294-8420-51E1CEECB1BF}.Final|Any CPU.Build.0 = Final|Win32
		{5A1414A6-5F47-4294-8420-51E1CEECB1BF}.Final|Mixed Platforms.ActiveCfg = Final|Win32
		{5A1414A6-5F47-4294-8420-51E1CEECB1BF}.Final|Mixed Platforms.Build.0 = Final|Win32
		{5A1414A6-5F47-4294-8420-51E1CEECB1BF}.Final|Win32.ActiveCfg = Final|Win32
		{5A1414A6-5F47-4294-8420-51E1CEECB1BF}.Final|Win32.Build.0 = Final|Win32
		{5A1414A6-5F47-4294-8420-51E1CEECB1BF}.MinSizeRel|Any CPU.ActiveCfg = Profile|Win32
		{5A1414A6-5F47-4294-8420-51E1CEECB1BF}.MinSizeRel|Mixed Platforms.ActiveCfg = Profile|Win32
		{5A1414A6-5F47-4294-8420-51E1CEECB1BF}.MinSizeRel|Mixed Platforms.Build.0 = Profile|Win32
		{5A1414A6-5F47-4294-8420-51E1CEECB1BF}.MinSizeRel|Win32.ActiveCfg = Profile|Win32
		{5A1414A6-5F47-4294-8420-51E1CEECB1BF}.MinSizeRel|Win32.Build.0 = Profile|Win32
		{5A1414A6-5F47-4294-8420-51E1CEECB1BF}.Profile|Any CPU.ActiveCfg = Profile|Win32
		{5A1414A6-5F47-4294-8420-51E1CEECB1BF}.Profile|Any CPU.Build.0 = Profile|Win32
		{5A1414A6-5F47-4294-8420-51E1CEECB1BF}.Profile|Mixed Platforms.ActiveCfg = Profile|Win32
		{5A1414A6-5F47-4294-8420-51E1CEECB1BF}.Profile|Mixed Platforms.Build.0 = Profile|Win32
		{5A1414A6-5F47-4294-8420-51E1CEECB1BF}.Profile|Win32.ActiveCfg = Profile|Win32
		{5A1414A6-5F47-4294-8420-51E1CEECB1BF}.Profile|Win32.Build.0 = Profile|Win32
		{5A1414A6-5F47-4294-8420-51E1CEECB1BF}.Release|Any CPU.ActiveCfg = Release|Win32
		{5A1414A6-5F47-4294-8420-51E1CEECB1BF}.Release|Any CPU.Build.0 = Release|Win32
		{5A1414A6-5F47-4294-8420-51E1CEECB1BF}.Release|Mixed Platforms.ActiveCfg = Release|Win32
		{5A1414A6-5F47-4294-8420-51E1CEECB1BF}.Release|Mixed Platforms.Build.0 = Release|Win32
		{5A1414A6-5F47-4294-8420-51E1CEECB1BF}.Release|Win32.ActiveCfg = Release|Win32
		{5A1414A6-5F47-4294-8420-51E1CEECB1BF}.Release|Win32.Build.0 = Release|Win32
		{5A1414A6-5F47-4294-8420-51E1CEECB1BF}.RelWithDebInfo|Any CPU.ActiveCfg = Release|Win32
		{5A1414A6-5F47-4294-8420-51E1CEECB1BF}.RelWithDebInfo|Mixed Platforms.ActiveCfg = Release|Win32
		{5A1414A6-5F47-4294-8420-51E1CEECB1BF}.RelWithDebInfo|Mixed Platforms.Build.0 = Release|Win32
		{5A1414A6-5F47-4294-8420-51E1CEECB1BF}.RelWithDebInfo|Win32.ActiveCfg = Release|Win32
		{5A1414A6-5F47-4294-8420-51E1CEECB1BF}.RelWithDebInfo|Win32.Build.0 = Release|Win32
		{14342DE9-472D-41A9-8AD1-42D5340C1A0F}.Debug|Any CPU.ActiveCfg = Debug|Any CPU
		{14342DE9-472D-41A9-8AD1-42D5340C1A0F}.Debug|Any CPU.Build.0 = Debug|Any CPU
		{14342DE9-472D-41A9-8AD1-42D5340C1A0F}.Debug|Mixed Platforms.ActiveCfg = Debug|Any CPU
		{14342DE9-472D-41A9-8AD1-42D5340C1A0F}.Debug|Mixed Platforms.Build.0 = Debug|Any CPU
		{14342DE9-472D-41A9-8AD1-42D5340C1A0F}.Debug|Win32.ActiveCfg = Debug|Any CPU
		{14342DE9-472D-41A9-8AD1-42D5340C1A0F}.Debug|Win32.Build.0 = Debug|Any CPU
		{14342DE9-472D-41A9-8AD1-42D5340C1A0F}.Final|Any CPU.ActiveCfg = Release|Any CPU
		{14342DE9-472D-41A9-8AD1-42D5340C1A0F}.Final|Any CPU.Build.0 = Release|Any CPU
		{14342DE9-472D-41A9-8AD1-42D5340C1A0F}.Final|Mixed Platforms.ActiveCfg = Release|Any CPU
		{14342DE9-472D-41A9-8AD1-42D5340C1A0F}.Final|Mixed Platforms.Build.0 = Release|Any CPU
		{14342DE9-472D-41A9-8AD1-42D5340C1A0F}.Final|Win32.ActiveCfg = Release|Any CPU
		{14342DE9-472D-41A9-8AD1-42D5340C1A0F}.Final|Win32.Build.0 = Release|Any CPU
		{14342DE9-472D-41A9-8AD1-42D5340C1A0F}.MinSizeRel|Any CPU.ActiveCfg = Release|Any CPU
		{14342DE9-472D-41A9-8AD1-42D5340C1A0F}.MinSizeRel|Any CPU.Build.0 = Release|Any CPU
		{14342DE9-472D-41A9-8AD1-42D5340C1A0F}.MinSizeRel|Mixed Platforms.ActiveCfg = Release|Any CPU
		{14342DE9-472D-41A9-8AD1-42D5340C1A0F}.MinSizeRel|Mixed Platforms.Build.0 = Release|Any CPU
		{14342DE9-472D-41A9-8AD1-42D5340C1A0F}.MinSizeRel|Win32.ActiveCfg = Release|Any CPU
		{14342DE9-472D-41A9-8AD1-42D5340C1A0F}.Profile|Any CPU.ActiveCfg = Release|Any CPU
		{14342DE9-472D-41A9-8AD1-42D5340C1A0F}.Profile|Any CPU.Build.0 = Release|Any CPU
		{14342DE9-472D-41A9-8AD1-42D5340C1A0F}.Profile|Mixed Platforms.ActiveCfg = Release|Any CPU
		{14342DE9-472D-41A9-8AD1-42D5340C1A0F}.Profile|Mixed Platforms.Build.0 = Release|Any CPU
		{14342DE9-472D-41A9-8AD1-42D5340C1A0F}.Profile|Win32.ActiveCfg = Release|Any CPU
		{14342DE9-472D-41A9-8AD1-42D5340C1A0F}.Profile|Win32.Build.0 = Release|Any CPU
		{14342DE9-472D-41A9-8AD1-42D5340C1A0F}.Release|Any CPU.ActiveCfg = Release|Any CPU
		{14342DE9-472D-41A9-8AD1-42D5340C1A0F}.Release|Any CPU.Build.0 = Release|Any CPU
		{14342DE9-472D-41A9-8AD1-42D5340C1A0F}.Release|Mixed Platforms.ActiveCfg = Release|Any CPU
		{14342DE9-472D-41A9-8AD1-42D5340C1A0F}.Release|Mixed Platforms.Build.0 = Release|Any CPU
		{14342DE9-472D-41A9-8AD1-42D5340C1A0F}.Release|Win32.ActiveCfg = Release|Any CPU
		{14342DE9-472D-41A9-8AD1-42D5340C1A0F}.Release|Win32.Build.0 = Release|Any CPU
		{14342DE9-472D-41A9-8AD1-42D5340C1A0F}.RelWithDebInfo|Any CPU.ActiveCfg = Release|Any CPU
		{14342DE9-472D-41A9-8AD1-42D5340C1A0F}.RelWithDebInfo|Any CPU.Build.0 = Release|Any CPU
		{14342DE9-472D-41A9-8AD1-42D5340C1A0F}.RelWithDebInfo|Mixed Platforms.ActiveCfg = Release|Any CPU
		{14342DE9-472D-41A9-8AD1-42D5340C1A0F}.RelWithDebInfo|Mixed Platforms.Build.0 = Release|Any CPU
		{14342DE9-472D-41A9-8AD1-42D5340C1A0F}.RelWithDebInfo|Win32.ActiveCfg = Release|Any CPU
		{D01D9A3E-6039-4479-B1E0-28382641B94D}.Debug|Any CPU.ActiveCfg = Debug|Win32
		{D01D9A3E-6039-4479-B1E0-28382641B94D}.Debug|Any CPU.Build.0 = Debug|Win32
		{D01D9A3E-6039-4479-B1E0-28382641B94D}.Debug|Mixed Platforms.ActiveCfg = Debug|Win32
		{D01D9A3E-6039-4479-B1E0-28382641B94D}.Debug|Mixed Platforms.Build.0 = Debug|Win32
		{D01D9A3E-6039-4479-B1E0-28382641B94D}.Debug|Win32.ActiveCfg = Debug|Win32
		{D01D9A3E-6039-4479-B1E0-28382641B94D}.Debug|Win32.Build.0 = Debug|Win32
		{D01D9A3E-6039-4479-B1E0-28382641B94D}.Final|Any CPU.ActiveCfg = Release|Win32
		{D01D9A3E-6039-4479-B1E0-28382641B94D}.Final|Any CPU.Build.0 = Release|Win32
		{D01D9A3E-6039-4479-B1E0-28382641B94D}.Final|Mixed Platforms.ActiveCfg = Release|Win32
		{D01D9A3E-6039-4479-B1E0-28382641B94D}.Final|Mixed Platforms.Build.0 = Release|Win32
		{D01D9A3E-6039-4479-B1E0-28382641B94D}.Final|Win32.ActiveCfg = Release|Win32
		{D01D9A3E-6039-4479-B1E0-28382641B94D}.Final|Win32.Build.0 = Release|Win32
		{D01D9A3E-6039-4479-B1E0-28382641B94D}.MinSizeRel|Any CPU.ActiveCfg = Release|Win32
		{D01D9A3E-6039-4479-B1E0-28382641B94D}.MinSizeRel|Mixed Platforms.ActiveCfg = Release|Win32
		{D01D9A3E-6039-4479-B1E0-28382641B94D}.MinSizeRel|Mixed Platforms.Build.0 = Release|Win32
		{D01D9A3E-6039-4479-B1E0-28382641B94D}.MinSizeRel|Win32.ActiveCfg = Release|Win32
		{D01D9A3E-6039-4479-B1E0-28382641B94D}.MinSizeRel|Win32.Build.0 = Release|Win32
		{D01D9A3E-6039-4479-B1E0-28382641B94D}.Profile|Any CPU.ActiveCfg = Release|Win32
		{D01D9A3E-6039-4479-B1E0-28382641B94D}.Profile|Any CPU.Build.0 = Release|Win32
		{D01D9A3E-6039-4479-B1E0-28382641B94D}.Profile|Mixed Platforms.ActiveCfg = Release|Win32
		{D01D9A3E-6039-4479-B1E0-28382641B94D}.Profile|Mixed Platforms.Build.0 = Release|Win32
		{D01D9A3E-6039-4479-B1E0-28382641B94D}.Profile|Win32.ActiveCfg = Release|Win32
		{D01D9A3E-6039-4479-B1E0-28382641B94D}.Profile|Win32.Build.0 = Release|Win32
		{D01D9A3E-6039-4479-B1E0-28382641B94D}.Release|Any CPU.ActiveCfg = Release|Win32
		{D01D9A3E-6039-4479-B1E0-28382641B94D}.Release|Any CPU.Build.0 = Release|Win32
		{D01D9A3E-6039-4479-B1E0-28382641B94D}.Release|Mixed Platforms.ActiveCfg = Release|Win32
		{D01D9A3E-6039-4479-B1E0-28382641B94D}.Release|Mixed Platforms.Build.0 = Release|Win32
		{D01D9A3E-6039-4479-B1E0-28382641B94D}.Release|Win32.ActiveCfg = Release|Win32
		{D01D9A3E-6039-4479-B1E0-28382641B94D}.Release|Win32.Build.0 = Release|Win32
		{D01D9A3E-6039-4479-B1E0-28382641B94D}.RelWithDebInfo|Any CPU.ActiveCfg = Release|Win32
		{D01D9A3E-6039-4479-B1E0-28382641B94D}.RelWithDebInfo|Mixed Platforms.ActiveCfg = Release|Win32
		{D01D9A3E-6039-4479-B1E0-28382641B94D}.RelWithDebInfo|Mixed Platforms.Build.0 = Release|Win32
		{D01D9A3E-6039-4479-B1E0-28382641B94D}.RelWithDebInfo|Win32.ActiveCfg = Release|Win32
		{D01D9A3E-6039-4479-B1E0-28382641B94D}.RelWithDebInfo|Win32.Build.0 = Release|Win32
		{86B30CD8-8C99-4CFF-804E-16EB5891A1D8}.Debug|Any CPU.ActiveCfg = Debug|Win32
		{86B30CD8-8C99-4CFF-804E-16EB5891A1D8}.Debug|Any CPU.Build.0 = Debug|Win32
		{86B30CD8-8C99-4CFF-804E-16EB5891A1D8}.Debug|Mixed Platforms.ActiveCfg = Debug|Win32
		{86B30CD8-8C99-4CFF-804E-16EB5891A1D8}.Debug|Mixed Platforms.Build.0 = Debug|Win32
		{86B30CD8-8C99-4CFF-804E-16EB5891A1D8}.Debug|Win32.ActiveCfg = Debug|Win32
		{86B30CD8-8C99-4CFF-804E-16EB5891A1D8}.Debug|Win32.Build.0 = Debug|Win32
		{86B30CD8-8C99-4CFF-804E-16EB5891A1D8}.Final|Any CPU.ActiveCfg = Release|Win32
		{86B30CD8-8C99-4CFF-804E-16EB5891A1D8}.Final|Any CPU.Build.0 = Release|Win32
		{86B30CD8-8C99-4CFF-804E-16EB5891A1D8}.Final|Mixed Platforms.ActiveCfg = Release|Win32
		{86B30CD8-8C99-4CFF-804E-16EB5891A1D8}.Final|Mixed Platforms.Build.0 = Release|Win32
		{86B30CD8-8C99-4CFF-804E-16EB5891A1D8}.Final|Win32.ActiveCfg = Release|Win32
		{86B30CD8-8C99-4CFF-804E-16EB5891A1D8}.Final|Win32.Build.0 = Release|Win32
		{86B30CD8-8C99-4CFF-804E-16EB5891A1D8}.MinSizeRel|Any CPU.ActiveCfg = Release|Win32
		{86B30CD8-8C99-4CFF-804E-16EB5891A1D8}.MinSizeRel|Mixed Platforms.ActiveCfg = Release|Win32
		{86B30CD8-8C99-4CFF-804E-16EB5891A1D8}.MinSizeRel|Mixed Platforms.Build.0 = Release|Win32
		{86B30CD8-8C99-4CFF-804E-16EB5891A1D8}.MinSizeRel|Win32.ActiveCfg = Release|Win32
		{86B30CD8-8C99-4CFF-804E-16EB5891A1D8}.MinSizeRel|Win32.Build.0 = Release|Win32
		{86B30CD8-8C99-4CFF-804E-16EB5891A1D8}.Profile|Any CPU.ActiveCfg = Release|Win32
		{86B30CD8-8C99-4CFF-804E-16EB5891A1D8}.Profile|Any CPU.Build.0 = Release|Win32
		{86B30CD8-8C99-4CFF-804E-16EB5891A1D8}.Profile|Mixed Platforms.ActiveCfg = Release|Win32
		{86B30CD8-8C99-4CFF-804E-16EB5891A1D8}.Profile|Mixed Platforms.Build.0 = Release|Win32
		{86B30CD8-8C99-4CFF-804E-16EB5891A1D8}.Profile|Win32.ActiveCfg = Release|Win32
		{86B30CD8-8C99-4CFF-804E-16EB5891A1D8}.Profile|Win32.Build.0 = Release|Win32
		{86B30CD8-8C99-4CFF-804E-16EB5891A1D8}.Release|Any CPU.ActiveCfg = Release|Win32
		{86B30CD8-8C99-4CFF-804E-16EB5891A1D8}.Release|Any CPU.Build.0 = Release|Win32
		{86B30CD8-8C99-4CFF-804E-16EB5891A1D8}.Release|Mixed Platforms.ActiveCfg = Release|Win32
		{86B30CD8-8C99-4CFF-804E-16EB5891A1D8}.Release|Mixed Platforms.Build.0 = Release|Win32
		{86B30CD8-8C99-4CFF-804E-16EB5891A1D8}.Release|Win32.ActiveCfg = Release|Win32
		{86B30CD8-8C99-4CFF-804E-16EB5891A1D8}.Release|Win32.Build.0 = Release|Win32
		{86B30CD8-8C99-4CFF-804E-16EB5891A1D8}.RelWithDebInfo|Any CPU.ActiveCfg = Release|Win32
		{86B30CD8-8C99-4CFF-804E-16EB5891A1D8}.RelWithDebInfo|Mixed Platforms.ActiveCfg = Release|Win32
		{86B30CD8-8C99-4CFF-804E-16EB5891A1D8}.RelWithDebInfo|Mixed Platforms.Build.0 = Release|Win32
		{86B30CD8-8C99-4CFF-804E-16EB5891A1D8}.RelWithDebInfo|Win32.ActiveCfg = Release|Win32
		{86B30CD8-8C99-4CFF-804E-16EB5891A1D8}.RelWithDebInfo|Win32.Build.0 = Release|Win32
		{893C513B-6912-4752-8AAB-C00F50DDAA36}.Debug|Any CPU.ActiveCfg = Debug|Win32
		{893C513B-6912-4752-8AAB-C00F50DDAA36}.Debug|Any CPU.Build.0 = Debug|Win32
		{893C513B-6912-4752-8AAB-C00F50DDAA36}.Debug|Mixed Platforms.ActiveCfg = Debug|Win32
		{893C513B-6912-4752-8AAB-C00F50DDAA36}.Debug|Mixed Platforms.Build.0 = Debug|Win32
		{893C513B-6912-4752-8AAB-C00F50DDAA36}.Debug|Win32.ActiveCfg = Debug|Win32
		{893C513B-6912-4752-8AAB-C00F50DDAA36}.Debug|Win32.Build.0 = Debug|Win32
		{893C513B-6912-4752-8AAB-C00F50DDAA36}.Final|Any CPU.ActiveCfg = Release|Win32
		{893C513B-6912-4752-8AAB-C00F50DDAA36}.Final|Any CPU.Build.0 = Release|Win32
		{893C513B-6912-4752-8AAB-C00F50DDAA36}.Final|Mixed Platforms.ActiveCfg = Release|Win32
		{893C513B-6912-4752-8AAB-C00F50DDAA36}.Final|Mixed Platforms.Build.0 = Release|Win32
		{893C513B-6912-4752-8AAB-C00F50DDAA36}.Final|Win32.ActiveCfg = Release|Win32
		{893C513B-6912-4752-8AAB-C00F50DDAA36}.Final|Win32.Build.0 = Release|Win32
		{893C513B-6912-4752-8AAB-C00F50DDAA36}.MinSizeRel|Any CPU.ActiveCfg = Release|Win32
		{893C513B-6912-4752-8AAB-C00F50DDAA36}.MinSizeRel|Mixed Platforms.ActiveCfg = Release|Win32
		{893C513B-6912-4752-8AAB-C00F50DDAA36}.MinSizeRel|Mixed Platforms.Build.0 = Release|Win32
		{893C513B-6912-4752-8AAB-C00F50DDAA36}.MinSizeRel|Win32.ActiveCfg = Release|Win32
		{893C513B-6912-4752-8AAB-C00F50DDAA36}.MinSizeRel|Win32.Build.0 = Release|Win32
		{893C513B-6912-4752-8AAB-C00F50DDAA36}.Profile|Any CPU.ActiveCfg = Release|Win32
		{893C513B-6912-4752-8AAB-C00F50DDAA36}.Profile|Any CPU.Build.0 = Release|Win32
		{893C513B-6912-4752-8AAB-C00F50DDAA36}.Profile|Mixed Platforms.ActiveCfg = Release|Win32
		{893C513B-6912-4752-8AAB-C00F50DDAA36}.Profile|Mixed Platforms.Build.0 = Release|Win32
		{893C513B-6912-4752-8AAB-C00F50DDAA36}.Profile|Win32.ActiveCfg = Release|Win32
		{893C513B-6912-4752-8AAB-C00F50DDAA36}.Profile|Win32.Build.0 = Release|Win32
		{893C513B-6912-4752-8AAB-C00F50DDAA36}.Release|Any CPU.ActiveCfg = Release|Win32
		{893C513B-6912-4752-8AAB-C00F50DDAA36}.Release|Any CPU.Build.0 = Release|Win32
		{893C513B-6912-4752-8AAB-C00F50DDAA36}.Release|Mixed Platforms.ActiveCfg = Release|Win32
		{893C513B-6912-4752-8AAB-C00F50DDAA36}.Release|Mixed Platforms.Build.0 = Release|Win32
		{893C513B-6912-4752-8AAB-C00F50DDAA36}.Release|Win32.ActiveCfg = Release|Win32
		{893C513B-6912-4752-8AAB-C00F50DDAA36}.Release|Win32.Build.0 = Release|Win32
		{893C513B-6912-4752-8AAB-C00F50DDAA36}.RelWithDebInfo|Any CPU.ActiveCfg = Release|Win32
		{893C513B-6912-4752-8AAB-C00F50DDAA36}.RelWithDebInfo|Mixed Platforms.ActiveCfg = Release|Win32
		{893C513B-6912-4752-8AAB-C00F50DDAA36}.RelWithDebInfo|Mixed Platforms.Build.0 = Release|Win32
		{893C513B-6912-4752-8AAB-C00F50DDAA36}.RelWithDebInfo|Win32.ActiveCfg = Release|Win32
		{893C513B-6912-4752-8AAB-C00F50DDAA36}.RelWithDebInfo|Win32.Build.0 = Release|Win32
		{848A974A-527F-40DF-89FF-0E2CAA552EC8}.Debug|Any CPU.ActiveCfg = Debug|Win32
		{848A974A-527F-40DF-89FF-0E2CAA552EC8}.Debug|Mixed Platforms.ActiveCfg = Debug|Win32
		{848A974A-527F-40DF-89FF-0E2CAA552EC8}.Debug|Mixed Platforms.Build.0 = Debug|Win32
		{848A974A-527F-40DF-89FF-0E2CAA552EC8}.Debug|Win32.ActiveCfg = Debug|Win32
		{848A974A-527F-40DF-89FF-0E2CAA552EC8}.Debug|Win32.Build.0 = Debug|Win32
		{848A974A-527F-40DF-89FF-0E2CAA552EC8}.Final|Any CPU.ActiveCfg = Release|Win32
		{848A974A-527F-40DF-89FF-0E2CAA552EC8}.Final|Mixed Platforms.ActiveCfg = Release|Win32
		{848A974A-527F-40DF-89FF-0E2CAA552EC8}.Final|Mixed Platforms.Build.0 = Release|Win32
		{848A974A-527F-40DF-89FF-0E2CAA552EC8}.Final|Win32.ActiveCfg = Release|Win32
		{848A974A-527F-40DF-89FF-0E2CAA552EC8}.Final|Win32.Build.0 = Release|Win32
		{848A974A-527F-40DF-89FF-0E2CAA552EC8}.MinSizeRel|Any CPU.ActiveCfg = Release|Win32
		{848A974A-527F-40DF-89FF-0E2CAA552EC8}.MinSizeRel|Mixed Platforms.ActiveCfg = Release|Win32
		{848A974A-527F-40DF-89FF-0E2CAA552EC8}.MinSizeRel|Mixed Platforms.Build.0 = Release|Win32
		{848A974A-527F-40DF-89FF-0E2CAA552EC8}.MinSizeRel|Win32.ActiveCfg = Release|Win32
		{848A974A-527F-40DF-89FF-0E2CAA552EC8}.MinSizeRel|Win32.Build.0 = Release|Win32
		{848A974A-527F-40DF-89FF-0E2CAA552EC8}.Profile|Any CPU.ActiveCfg = Release|Win32
		{848A974A-527F-40DF-89FF-0E2CAA552EC8}.Profile|Mixed Platforms.ActiveCfg = Release|Win32
		{848A974A-527F-40DF-89FF-0E2CAA552EC8}.Profile|Mixed Platforms.Build.0 = Release|Win32
		{848A974A-527F-40DF-89FF-0E2CAA552EC8}.Profile|Win32.ActiveCfg = Release|Win32
		{848A974A-527F-40DF-89FF-0E2CAA552EC8}.Profile|Win32.Build.0 = Release|Win32
		{848A974A-527F-40DF-89FF-0E2CAA552EC8}.Release|Any CPU.ActiveCfg = Release|Win32
		{848A974A-527F-40DF-89FF-0E2CAA552EC8}.Release|Mixed Platforms.ActiveCfg = Release|Win32
		{848A974A-527F-40DF-89FF-0E2CAA552EC8}.Release|Mixed Platforms.Build.0 = Release|Win32
		{848A974A-527F-40DF-89FF-0E2CAA552EC8}.Release|Win32.ActiveCfg = Release|Win32
		{848A974A-527F-40DF-89FF-0E2CAA552EC8}.Release|Win32.Build.0 = Release|Win32
		{848A974A-527F-40DF-89FF-0E2CAA552EC8}.RelWithDebInfo|Any CPU.ActiveCfg = Release|Win32
		{848A974A-527F-40DF-89FF-0E2CAA552EC8}.RelWithDebInfo|Mixed Platforms.ActiveCfg = Release|Win32
		{848A974A-527F-40DF-89FF-0E2CAA552EC8}.RelWithDebInfo|Mixed Platforms.Build.0 = Release|Win32
		{848A974A-527F-40DF-89FF-0E2CAA552EC8}.RelWithDebInfo|Win32.ActiveCfg = Release|Win32
		{848A974A-527F-40DF-89FF-0E2CAA552EC8}.RelWithDebInfo|Win32.Build.0 = Release|Win32
		{C0E1329C-3D6F-492D-8EFF-08069F096C6E}.Debug|Any CPU.ActiveCfg = Debug|Win32
		{C0E1329C-3D6F-492D-8EFF-08069F096C6E}.Debug|Any CPU.Build.0 = Debug|Win32
		{C0E1329C-3D6F-492D-8EFF-08069F096C6E}.Debug|Mixed Platforms.ActiveCfg = Debug|Win32
		{C0E1329C-3D6F-492D-8EFF-08069F096C6E}.Debug|Mixed Platforms.Build.0 = Debug|Win32
		{C0E1329C-3D6F-492D-8EFF-08069F096C6E}.Debug|Win32.ActiveCfg = Debug|Win32
		{C0E1329C-3D6F-492D-8EFF-08069F096C6E}.Debug|Win32.Build.0 = Debug|Win32
		{C0E1329C-3D6F-492D-8EFF-08069F096C6E}.Final|Any CPU.ActiveCfg = RelWithDebInfo|Win32
		{C0E1329C-3D6F-492D-8EFF-08069F096C6E}.Final|Mixed Platforms.ActiveCfg = RelWithDebInfo|Win32
		{C0E1329C-3D6F-492D-8EFF-08069F096C6E}.Final|Mixed Platforms.Build.0 = RelWithDebInfo|Win32
		{C0E1329C-3D6F-492D-8EFF-08069F096C6E}.Final|Win32.ActiveCfg = RelWithDebInfo|Win32
		{C0E1329C-3D6F-492D-8EFF-08069F096C6E}.Final|Win32.Build.0 = RelWithDebInfo|Win32
		{C0E1329C-3D6F-492D-8EFF-08069F096C6E}.MinSizeRel|Any CPU.ActiveCfg = MinSizeRel|Win32
		{C0E1329C-3D6F-492D-8EFF-08069F096C6E}.MinSizeRel|Mixed Platforms.ActiveCfg = MinSizeRel|Win32
		{C0E1329C-3D6F-492D-8EFF-08069F096C6E}.MinSizeRel|Mixed Platforms.Build.0 = MinSizeRel|Win32
		{C0E1329C-3D6F-492D-8EFF-08069F096C6E}.MinSizeRel|Win32.ActiveCfg = MinSizeRel|Win32
		{C0E1329C-3D6F-492D-8EFF-08069F096C6E}.MinSizeRel|Win32.Build.0 = MinSizeRel|Win32
		{C0E1329C-3D6F-492D-8EFF-08069F096C6E}.Profile|Any CPU.ActiveCfg = RelWithDebInfo|Win32
		{C0E1329C-3D6F-492D-8EFF-08069F096C6E}.Profile|Mixed Platforms.ActiveCfg = RelWithDebInfo|Win32
		{C0E1329C-3D6F-492D-8EFF-08069F096C6E}.Profile|Mixed Platforms.Build.0 = RelWithDebInfo|Win32
		{C0E1329C-3D6F-492D-8EFF-08069F096C6E}.Profile|Win32.ActiveCfg = RelWithDebInfo|Win32
		{C0E1329C-3D6F-492D-8EFF-08069F096C6E}.Profile|Win32.Build.0 = RelWithDebInfo|Win32
		{C0E1329C-3D6F-492D-8EFF-08069F096C6E}.Release|Any CPU.ActiveCfg = Release|Win32
		{C0E1329C-3D6F-492D-8EFF-08069F096C6E}.Release|Any CPU.Build.0 = Release|Win32
		{C0E1329C-3D6F-492D-8EFF-08069F096C6E}.Release|Mixed Platforms.ActiveCfg = Release|Win32
		{C0E1329C-3D6F-492D-8EFF-08069F096C6E}.Release|Mixed Platforms.Build.0 = Release|Win32
		{C0E1329C-3D6F-492D-8EFF-08069F096C6E}.Release|Win32.ActiveCfg = Release|Win32
		{C0E1329C-3D6F-492D-8EFF-08069F096C6E}.Release|Win32.Build.0 = Release|Win32
		{C0E1329C-3D6F-492D-8EFF-08069F096C6E}.RelWithDebInfo|Any CPU.ActiveCfg = RelWithDebInfo|Win32
		{C0E1329C-3D6F-492D-8EFF-08069F096C6E}.RelWithDebInfo|Mixed Platforms.ActiveCfg = RelWithDebInfo|Win32
		{C0E1329C-3D6F-492D-8EFF-08069F096C6E}.RelWithDebInfo|Mixed Platforms.Build.0 = RelWithDebInfo|Win32
		{C0E1329C-3D6F-492D-8EFF-08069F096C6E}.RelWithDebInfo|Win32.ActiveCfg = RelWithDebInfo|Win32
		{C0E1329C-3D6F-492D-8EFF-08069F096C6E}.RelWithDebInfo|Win32.Build.0 = RelWithDebInfo|Win32
		{519F115F-F196-49FE-9B24-49618A6202BB}.Debug|Any CPU.ActiveCfg = Debug|Win32
		{519F115F-F196-49FE-9B24-49618A6202BB}.Debug|Any CPU.Build.0 = Debug|Win32
		{519F115F-F196-49FE-9B24-49618A6202BB}.Debug|Mixed Platforms.ActiveCfg = Debug|Win32
		{519F115F-F196-49FE-9B24-49618A6202BB}.Debug|Mixed Platforms.Build.0 = Debug|Win32
		{519F115F-F196-49FE-9B24-49618A6202BB}.Debug|Win32.ActiveCfg = Debug|Win32
		{519F115F-F196-49FE-9B24-49618A6202BB}.Debug|Win32.Build.0 = Debug|Win32
		{519F115F-F196-49FE-9B24-49618A6202BB}.Final|Any CPU.ActiveCfg = RelWithDebInfo|Win32
		{519F115F-F196-49FE-9B24-49618A6202BB}.Final|Any CPU.Build.0 = RelWithDebInfo|Win32
		{519F115F-F196-49FE-9B24-49618A6202BB}.Final|Mixed Platforms.ActiveCfg = RelWithDebInfo|Win32
		{519F115F-F196-49FE-9B24-49618A6202BB}.Final|Mixed Platforms.Build.0 = RelWithDebInfo|Win32
		{519F115F-F196-49FE-9B24-49618A6202BB}.Final|Win32.ActiveCfg = RelWithDebInfo|Win32
		{519F115F-F196-49FE-9B24-49618A6202BB}.Final|Win32.Build.0 = RelWithDebInfo|Win32
		{519F115F-F196-49FE-9B24-49618A6202BB}.MinSizeRel|Any CPU.ActiveCfg = MinSizeRel|Win32
		{519F115F-F196-49FE-9B24-49618A6202BB}.MinSizeRel|Mixed Platforms.ActiveCfg = MinSizeRel|Win32
		{519F115F-F196-49FE-9B24-49618A6202BB}.MinSizeRel|Mixed Platforms.Build.0 = MinSizeRel|Win32
		{519F115F-F196-49FE-9B24-49618A6202BB}.MinSizeRel|Win32.ActiveCfg = MinSizeRel|Win32
		{519F115F-F196-49FE-9B24-49618A6202BB}.MinSizeRel|Win32.Build.0 = MinSizeRel|Win32
		{519F115F-F196-49FE-9B24-49618A6202BB}.Profile|Any CPU.ActiveCfg = RelWithDebInfo|Win32
		{519F115F-F196-49FE-9B24-49618A6202BB}.Profile|Any CPU.Build.0 = RelWithDebInfo|Win32
		{519F115F-F196-49FE-9B24-49618A6202BB}.Profile|Mixed Platforms.ActiveCfg = RelWithDebInfo|Win32
		{519F115F-F196-49FE-9B24-49618A6202BB}.Profile|Mixed Platforms.Build.0 = RelWithDebInfo|Win32
		{519F115F-F196-49FE-9B24-49618A6202BB}.Profile|Win32.ActiveCfg = RelWithDebInfo|Win32
		{519F115F-F196-49FE-9B24-49618A6202BB}.Profile|Win32.Build.0 = RelWithDebInfo|Win32
		{519F115F-F196-49FE-9B24-49618A6202BB}.Release|Any CPU.ActiveCfg = Release|Win32
		{519F115F-F196-49FE-9B24-49618A6202BB}.Release|Any CPU.Build.0 = Release|Win32
		{519F115F-F196-49FE-9B24-49618A6202BB}.Release|Mixed Platforms.ActiveCfg = Release|Win32
		{519F115F-F196-49FE-9B24-49618A6202BB}.Release|Mixed Platforms.Build.0 = Release|Win32
		{519F115F-F196-49FE-9B24-49618A6202BB}.Release|Win32.ActiveCfg = Release|Win32
		{519F115F-F196-49FE-9B24-49618A6202BB}.Release|Win32.Build.0 = Release|Win32
		{519F115F-F196-49FE-9B24-49618A6202BB}.RelWithDebInfo|Any CPU.ActiveCfg = RelWithDebInfo|Win32
		{519F115F-F196-49FE-9B24-49618A6202BB}.RelWithDebInfo|Mixed Platforms.ActiveCfg = RelWithDebInfo|Win32
		{519F115F-F196-49FE-9B24-49618A6202BB}.RelWithDebInfo|Mixed Platforms.Build.0 = RelWithDebInfo|Win32
		{519F115F-F196-49FE-9B24-49618A6202BB}.RelWithDebInfo|Win32.ActiveCfg = RelWithDebInfo|Win32
		{519F115F-F196-49FE-9B24-49618A6202BB}.RelWithDebInfo|Win32.Build.0 = RelWithDebInfo|Win32
		{9DE828F3-3050-436F-A05E-96351F9DF414}.Debug|Any CPU.ActiveCfg = Debug|Win32
		{9DE828F3-3050-436F-A05E-96351F9DF414}.Debug|Mixed Platforms.ActiveCfg = Debug|Win32
		{9DE828F3-3050-436F-A05E-96351F9DF414}.Debug|Mixed Platforms.Build.0 = Debug|Win32
		{9DE828F3-3050-436F-A05E-96351F9DF414}.Debug|Win32.ActiveCfg = Debug|Win32
		{9DE828F3-3050-436F-A05E-96351F9DF414}.Debug|Win32.Build.0 = Debug|Win32
		{9DE828F3-3050-436F-A05E-96351F9DF414}.Final|Any CPU.ActiveCfg = Release|Win32
		{9DE828F3-3050-436F-A05E-96351F9DF414}.Final|Mixed Platforms.ActiveCfg = Release|Win32
		{9DE828F3-3050-436F-A05E-96351F9DF414}.Final|Mixed Platforms.Build.0 = Release|Win32
		{9DE828F3-3050-436F-A05E-96351F9DF414}.Final|Win32.ActiveCfg = Release|Win32
		{9DE828F3-3050-436F-A05E-96351F9DF414}.Final|Win32.Build.0 = Release|Win32
		{9DE828F3-3050-436F-A05E-96351F9DF414}.MinSizeRel|Any CPU.ActiveCfg = Release|Win32
		{9DE828F3-3050-436F-A05E-96351F9DF414}.MinSizeRel|Mixed Platforms.ActiveCfg = Release|Win32
		{9DE828F3-3050-436F-A05E-96351F9DF414}.MinSizeRel|Mixed Platforms.Build.0 = Release|Win32
		{9DE828F3-3050-436F-A05E-96351F9DF414}.MinSizeRel|Win32.ActiveCfg = Release|Win32
		{9DE828F3-3050-436F-A05E-96351F9DF414}.MinSizeRel|Win32.Build.0 = Release|Win32
		{9DE828F3-3050-436F-A05E-96351F9DF414}.Profile|Any CPU.ActiveCfg = Release|Win32
		{9DE828F3-3050-436F-A05E-96351F9DF414}.Profile|Mixed Platforms.ActiveCfg = Release|Win32
		{9DE828F3-3050-436F-A05E-96351F9DF414}.Profile|Mixed Platforms.Build.0 = Release|Win32
		{9DE828F3-3050-436F-A05E-96351F9DF414}.Profile|Win32.ActiveCfg = Release|Win32
		{9DE828F3-3050-436F-A05E-96351F9DF414}.Profile|Win32.Build.0 = Release|Win32
		{9DE828F3-3050-436F-A05E-96351F9DF414}.Release|Any CPU.ActiveCfg = Release|Win32
		{9DE828F3-3050-436F-A05E-96351F9DF414}.Release|Mixed Platforms.ActiveCfg = Release|Win32
		{9DE828F3-3050-436F-A05E-96351F9DF414}.Release|Mixed Platforms.Build.0 = Release|Win32
		{9DE828F3-3050-436F-A05E-96351F9DF414}.Release|Win32.ActiveCfg = Release|Win32
		{9DE828F3-3050-436F-A05E-96351F9DF414}.Release|Win32.Build.0 = Release|Win32
		{9DE828F3-3050-436F-A05E-96351F9DF414}.RelWithDebInfo|Any CPU.ActiveCfg = Release|Win32
		{9DE828F3-3050-436F-A05E-96351F9DF414}.RelWithDebInfo|Mixed Platforms.ActiveCfg = Release|Win32
		{9DE828F3-3050-436F-A05E-96351F9DF414}.RelWithDebInfo|Mixed Platforms.Build.0 = Release|Win32
		{9DE828F3-3050-436F-A05E-96351F9DF414}.RelWithDebInfo|Win32.ActiveCfg = Release|Win32
		{9DE828F3-3050-436F-A05E-96351F9DF414}.RelWithDebInfo|Win32.Build.0 = Release|Win32
		{FD0E1625-DD77-4ACA-9794-CB1245CB9904}.Debug|Any CPU.ActiveCfg = Debug|Win32
		{FD0E1625-DD77-4ACA-9794-CB1245CB9904}.Debug|Mixed Platforms.ActiveCfg = Debug|Win32
		{FD0E1625-DD77-4ACA-9794-CB1245CB9904}.Debug|Mixed Platforms.Build.0 = Debug|Win32
		{FD0E1625-DD77-4ACA-9794-CB1245CB9904}.Debug|Win32.ActiveCfg = Debug|Win32
		{FD0E1625-DD77-4ACA-9794-CB1245CB9904}.Debug|Win32.Build.0 = Debug|Win32
		{FD0E1625-DD77-4ACA-9794-CB1245CB9904}.Final|Any CPU.ActiveCfg = Release|Win32
		{FD0E1625-DD77-4ACA-9794-CB1245CB9904}.Final|Mixed Platforms.ActiveCfg = Release|Win32
		{FD0E1625-DD77-4ACA-9794-CB1245CB9904}.Final|Mixed Platforms.Build.0 = Release|Win32
		{FD0E1625-DD77-4ACA-9794-CB1245CB9904}.Final|Win32.ActiveCfg = Release|Win32
		{FD0E1625-DD77-4ACA-9794-CB1245CB9904}.Final|Win32.Build.0 = Release|Win32
		{FD0E1625-DD77-4ACA-9794-CB1245CB9904}.MinSizeRel|Any CPU.ActiveCfg = Release|Win32
		{FD0E1625-DD77-4ACA-9794-CB1245CB9904}.MinSizeRel|Mixed Platforms.ActiveCfg = Release|Win32
		{FD0E1625-DD77-4ACA-9794-CB1245CB9904}.MinSizeRel|Mixed Platforms.Build.0 = Release|Win32
		{FD0E1625-DD77-4ACA-9794-CB1245CB9904}.MinSizeRel|Win32.ActiveCfg = Release|Win32
		{FD0E1625-DD77-4ACA-9794-CB1245CB9904}.MinSizeRel|Win32.Build.0 = Release|Win32
		{FD0E1625-DD77-4ACA-9794-CB1245CB9904}.Profile|Any CPU.ActiveCfg = Release|Win32
		{FD0E1625-DD77-4ACA-9794-CB1245CB9904}.Profile|Mixed Platforms.ActiveCfg = Release|Win32
		{FD0E1625-DD77-4ACA-9794-CB1245CB9904}.Profile|Mixed Platforms.Build.0 = Release|Win32
		{FD0E1625-DD77-4ACA-9794-CB1245CB9904}.Profile|Win32.ActiveCfg = Release|Win32
		{FD0E1625-DD77-4ACA-9794-CB1245CB9904}.Profile|Win32.Build.0 = Release|Win32
		{FD0E1625-DD77-4ACA-9794-CB1245CB9904}.Release|Any CPU.ActiveCfg = Release|Win32
		{FD0E1625-DD77-4ACA-9794-CB1245CB9904}.Release|Mixed Platforms.ActiveCfg = Release|Win32
		{FD0E1625-DD77-4ACA-9794-CB1245CB9904}.Release|Mixed Platforms.Build.0 = Release|Win32
		{FD0E1625-DD77-4ACA-9794-CB1245CB9904}.Release|Win32.ActiveCfg = Release|Win32
		{FD0E1625-DD77-4ACA-9794-CB1245CB9904}.Release|Win32.Build.0 = Release|Win32
		{FD0E1625-DD77-4ACA-9794-CB1245CB9904}.RelWithDebInfo|Any CPU.ActiveCfg = Release|Win32
		{FD0E1625-DD77-4ACA-9794-CB1245CB9904}.RelWithDebInfo|Mixed Platforms.ActiveCfg = Release|Win32
		{FD0E1625-DD77-4ACA-9794-CB1245CB9904}.RelWithDebInfo|Mixed Platforms.Build.0 = Release|Win32
		{FD0E1625-DD77-4ACA-9794-CB1245CB9904}.RelWithDebInfo|Win32.ActiveCfg = Release|Win32
		{FD0E1625-DD77-4ACA-9794-CB1245CB9904}.RelWithDebInfo|Win32.Build.0 = Release|Win32
	EndGlobalSection
	GlobalSection(SolutionProperties) = preSolution
		HideSolutionNode = FALSE
	EndGlobalSection
EndGlobal
