Microsoft Visual Studio Solution File, Format Version 10.00
# Visual Studio 2008
Project("{8BC9CEB8-8B4A-11D0-8D11-00A0C91BC942}") = "lua", "lua\lua.vcproj", "{86B30CD8-8C99-4CFF-804E-16EB5891A1D8}"
EndProject
Project("{8BC9CEB8-8B4A-11D0-8D11-00A0C91BC942}") = "luac", "luac\luac.vcproj", "{E240C2DA-7D35-4604-81E7-54EB49656E35}"
	ProjectSection(ProjectDependencies) = postProject
		{D01D9A3E-6039-4479-B1E0-28382641B94D} = {D01D9A3E-6039-4479-B1E0-28382641B94D}
		{86B30CD8-8C99-4CFF-804E-16EB5891A1D8} = {86B30CD8-8C99-4CFF-804E-16EB5891A1D8}
	EndProjectSection
EndProject
Project("{8BC9CEB8-8B4A-11D0-8D11-00A0C91BC942}") = "lua_console", "lua_console\lua_console.vcproj", "{80BB5418-149C-4CAB-BFF2-42DCE1C73D09}"
	ProjectSection(ProjectDependencies) = postProject
		{D01D9A3E-6039-4479-B1E0-28382641B94D} = {D01D9A3E-6039-4479-B1E0-28382641B94D}
		{86B30CD8-8C99-4CFF-804E-16EB5891A1D8} = {86B30CD8-8C99-4CFF-804E-16EB5891A1D8}
	EndProjectSection
EndProject
Project("{8BC9CEB8-8B4A-11D0-8D11-00A0C91BC942}") = "lualib", "lualib\lualib.vcproj", "{D01D9A3E-6039-4479-B1E0-28382641B94D}"
	ProjectSection(ProjectDependencies) = postProject
		{86B30CD8-8C99-4CFF-804E-16EB5891A1D8} = {86B30CD8-8C99-4CFF-804E-16EB5891A1D8}
	EndProjectSection
EndProject
Global
	GlobalSection(SolutionConfigurationPlatforms) = preSolution
		Debug|Win32 = Debug|Win32
		Release|Win32 = Release|Win32
	EndGlobalSection
	GlobalSection(ProjectConfigurationPlatforms) = postSolution
		{86B30CD8-8C99-4CFF-804E-16EB5891A1D8}.Debug|Win32.ActiveCfg = Debug|Win32
		{86B30CD8-8C99-4CFF-804E-16EB5891A1D8}.Debug|Win32.Build.0 = Debug|Win32
		{86B30CD8-8C99-4CFF-804E-16EB5891A1D8}.Release|Win32.ActiveCfg = Release|Win32
		{86B30CD8-8C99-4CFF-804E-16EB5891A1D8}.Release|Win32.Build.0 = Release|Win32
		{E240C2DA-7D35-4604-81E7-54EB49656E35}.Debug|Win32.ActiveCfg = Debug|Win32
		{E240C2DA-7D35-4604-81E7-54EB49656E35}.Debug|Win32.Build.0 = Debug|Win32
		{E240C2DA-7D35-4604-81E7-54EB49656E35}.Release|Win32.ActiveCfg = Release|Win32
		{E240C2DA-7D35-4604-81E7-54EB49656E35}.Release|Win32.Build.0 = Release|Win32
		{80BB5418-149C-4CAB-BFF2-42DCE1C73D09}.Debug|Win32.ActiveCfg = Debug|Win32
		{80BB5418-149C-4CAB-BFF2-42DCE1C73D09}.Debug|Win32.Build.0 = Debug|Win32
		{80BB5418-149C-4CAB-BFF2-42DCE1C73D09}.Release|Win32.ActiveCfg = Release|Win32
		{80BB5418-149C-4CAB-BFF2-42DCE1C73D09}.Release|Win32.Build.0 = Release|Win32
		{D01D9A3E-6039-4479-B1E0-28382641B94D}.Debug|Win32.ActiveCfg = Debug|Win32
		{D01D9A3E-6039-4479-B1E0-28382641B94D}.Debug|Win32.Build.0 = Debug|Win32
		{D01D9A3E-6039-4479-B1E0-28382641B94D}.Release|Win32.ActiveCfg = Release|Win32
		{D01D9A3E-6039-4479-B1E0-28382641B94D}.Release|Win32.Build.0 = Release|Win32
	EndGlobalSection
	GlobalSection(SolutionProperties) = preSolution
		HideSolutionNode = FALSE
	EndGlobalSection
EndGlobal
