<?xml version="1.0" encoding="utf-8"?>
<Project ToolsVersion="4.0" xmlns="http://schemas.microsoft.com/developer/msbuild/2003">
  <ItemGroup>
    <Filter Include="Source Files">
      <UniqueIdentifier>{267da631-17ee-41d2-a2ca-80ce411ba131}</UniqueIdentifier>
      <Extensions>h;hpp;hxx;hm;inl;inc</Extensions>
    </Filter>
    <Filter Include="Source Files\Gameplay">
      <UniqueIdentifier>{713aefae-9c0c-4ec3-aa62-f41f96dc315d}</UniqueIdentifier>
    </Filter>
    <Filter Include="Source Files\Win32">
      <UniqueIdentifier>{3670a90d-2cef-46fc-aad6-141586c2805d}</UniqueIdentifier>
    </Filter>
    <Filter Include="Source Files\Math">
      <UniqueIdentifier>{b8531f26-02fa-4ece-9f8f-4f8bc5d9c5ec}</UniqueIdentifier>
    </Filter>
    <Filter Include="Source Files\Jobs">
      <UniqueIdentifier>{8aa2f45e-c625-4484-83fb-6d69c07f2cfe}</UniqueIdentifier>
    </Filter>
    <Filter Include="Source Files\HUD">
      <UniqueIdentifier>{5d8d8e7b-6a89-48c3-b6bb-ddca87bd1ba9}</UniqueIdentifier>
    </Filter>
    <Filter Include="Source Files\ozlib">
      <UniqueIdentifier>{5229faae-5acc-48e8-b5c2-35c6092fef39}</UniqueIdentifier>
    </Filter>
    <Filter Include="Source Files\Graphics">
      <UniqueIdentifier>{6d6c00a9-eeed-45e6-9b36-14fb3c1b150c}</UniqueIdentifier>
    </Filter>
    <Filter Include="Source Files\PlayerSkills">
      <UniqueIdentifier>{73e1e215-a03f-4b17-baca-64abc6120527}</UniqueIdentifier>
    </Filter>
    <Filter Include="Source Files\Core">
      <UniqueIdentifier>{e43ce1db-3215-49a1-ad30-769f14b170ad}</UniqueIdentifier>
    </Filter>
    <Filter Include="Source Files\Core\Entity">
      <UniqueIdentifier>{9dfe12d1-0cdb-4bae-bca0-eb1a850e037f}</UniqueIdentifier>
    </Filter>
    <Filter Include="Source Files\Core\io">
      <UniqueIdentifier>{1a09f0c4-2f5d-4c01-80a8-6f78fff4e3aa}</UniqueIdentifier>
    </Filter>
    <Filter Include="Source Files\Core\ui">
      <UniqueIdentifier>{af28b805-1abb-4631-a224-f13721cf5fc8}</UniqueIdentifier>
    </Filter>
    <Filter Include="Source Files\Reflection">
      <UniqueIdentifier>{613715f6-75c6-4aa3-9e52-db8a47aca52a}</UniqueIdentifier>
    </Filter>
    <Filter Include="Source Files\Animation">
      <UniqueIdentifier>{e548af85-14bb-48aa-b73a-d7c688e12257}</UniqueIdentifier>
    </Filter>
    <Filter Include="Source Files\Collision">
      <UniqueIdentifier>{c630e03f-b252-4a5e-aeba-3bb724c94c77}</UniqueIdentifier>
    </Filter>
    <Filter Include="Resource Files">
      <UniqueIdentifier>{8b5ebe15-0ce3-467f-9c2a-6543e96e386e}</UniqueIdentifier>
      <Extensions>rc;ico;cur;bmp;dlg;rc2;rct;bin;rgs;gif;jpg;jpeg;jpe</Extensions>
    </Filter>
  </ItemGroup>
  <ItemGroup>
    <ClCompile Include="Gameplay\AssetStreamEntityComponent.cpp">
      <Filter>Source Files\Gameplay</Filter>
    </ClCompile>
    <ClCompile Include="Gameplay\Bot.cpp">
      <Filter>Source Files\Gameplay</Filter>
    </ClCompile>
    <ClCompile Include="Gameplay\CharacterTemplate.cpp">
      <Filter>Source Files\Gameplay</Filter>
    </ClCompile>
    <ClCompile Include="Gameplay\MBot.cpp">
      <Filter>Source Files\Gameplay</Filter>
    </ClCompile>
    <ClCompile Include="Gameplay\PathFinder.cpp">
      <Filter>Source Files\Gameplay</Filter>
    </ClCompile>
    <ClCompile Include="Gameplay\PhysicsEntityComponent.cpp">
      <Filter>Source Files\Gameplay</Filter>
    </ClCompile>
    <ClCompile Include="Gameplay\Projectile.cpp">
      <Filter>Source Files\Gameplay</Filter>
    </ClCompile>
    <ClCompile Include="Gameplay\ProjectileTrigger.cpp">
      <Filter>Source Files\Gameplay</Filter>
    </ClCompile>
    <ClCompile Include="Gameplay\SpawnPoint.cpp">
      <Filter>Source Files\Gameplay</Filter>
    </ClCompile>
    <ClCompile Include="Gameplay\Waypoint.cpp">
      <Filter>Source Files\Gameplay</Filter>
    </ClCompile>
    <ClCompile Include="Gameplay\WCharacter.cpp">
      <Filter>Source Files\Gameplay</Filter>
    </ClCompile>
    <ClCompile Include="Gameplay\WController.cpp">
      <Filter>Source Files\Gameplay</Filter>
    </ClCompile>
    <ClCompile Include="Gameplay\WPlayerController.cpp">
      <Filter>Source Files\Gameplay</Filter>
    </ClCompile>
    <ClCompile Include="Math\IntersectionAxis.cpp">
      <Filter>Source Files\Math</Filter>
    </ClCompile>
    <ClCompile Include="Math\OBBox.cpp">
      <Filter>Source Files\Math</Filter>
    </ClCompile>
    <ClCompile Include="Math\Quaternion.cpp">
      <Filter>Source Files\Math</Filter>
    </ClCompile>
    <ClCompile Include="Math\Vector3.cpp">
      <Filter>Source Files\Math</Filter>
    </ClCompile>
    <ClCompile Include="Math\vectormath.cpp">
      <Filter>Source Files\Math</Filter>
    </ClCompile>
    <ClCompile Include="Math\ViewFrustum.cpp">
      <Filter>Source Files\Math</Filter>
    </ClCompile>
    <ClCompile Include="Math\WBox.cpp">
      <Filter>Source Files\Math</Filter>
    </ClCompile>
    <ClCompile Include="Math\WGeometry.cpp">
      <Filter>Source Files\Math</Filter>
    </ClCompile>
    <ClCompile Include="Math\WMatrix.cpp">
      <Filter>Source Files\Math</Filter>
    </ClCompile>
    <ClCompile Include="Math\WMatrixUtil.cpp">
      <Filter>Source Files\Math</Filter>
    </ClCompile>
    <ClCompile Include="Math\WPlane.cpp">
      <Filter>Source Files\Math</Filter>
    </ClCompile>
    <ClCompile Include="Math\WSphere.cpp">
      <Filter>Source Files\Math</Filter>
    </ClCompile>
    <ClCompile Include="HUD\HUD.cpp">
      <Filter>Source Files\HUD</Filter>
    </ClCompile>
    <ClCompile Include="HUD\Widget.cpp">
      <Filter>Source Files\HUD</Filter>
    </ClCompile>
    <ClCompile Include="HUD\WidgetInfo.cpp">
      <Filter>Source Files\HUD</Filter>
    </ClCompile>
    <ClCompile Include="ozlib\dist_pointline.cpp">
      <Filter>Source Files\ozlib</Filter>
    </ClCompile>
    <ClCompile Include="ozlib\intr_lineline.cpp">
      <Filter>Source Files\ozlib</Filter>
    </ClCompile>
    <ClCompile Include="ozlib\intr_sphereline.cpp">
      <Filter>Source Files\ozlib</Filter>
    </ClCompile>
    <ClCompile Include="ozlib\intr_spheretri.cpp">
      <Filter>Source Files\ozlib</Filter>
    </ClCompile>
    <ClCompile Include="ozlib\intr_tripoint.cpp">
      <Filter>Source Files\ozlib</Filter>
    </ClCompile>
    <ClCompile Include="ozlib\plane.cpp">
      <Filter>Source Files\ozlib</Filter>
    </ClCompile>
    <ClCompile Include="Graphics\DebugRenderer.cpp">
      <Filter>Source Files\Graphics</Filter>
    </ClCompile>
    <ClCompile Include="Graphics\RendererHelper.cpp">
      <Filter>Source Files\Graphics</Filter>
    </ClCompile>
    <ClCompile Include="PlayerSkills\PlayerSkill_Body.cpp">
      <Filter>Source Files\PlayerSkills</Filter>
    </ClCompile>
    <ClCompile Include="PlayerSkills\SkillDatabase.cpp">
      <Filter>Source Files\PlayerSkills</Filter>
    </ClCompile>
    <ClCompile Include="Core\ClassRegistry.cpp">
      <Filter>Source Files\Core</Filter>
    </ClCompile>
    <ClCompile Include="Core\CoreClasses.cpp">
      <Filter>Source Files\Core</Filter>
    </ClCompile>
    <ClCompile Include="Core\crc32.cpp">
      <Filter>Source Files\Core</Filter>
    </ClCompile>
    <ClCompile Include="Core\debug.cpp">
      <Filter>Source Files\Core</Filter>
    </ClCompile>
    <ClCompile Include="Core\FPSCounter.cpp">
      <Filter>Source Files\Core</Filter>
    </ClCompile>
    <ClCompile Include="Core\GDZArchive.cpp">
      <Filter>Source Files\Core</Filter>
    </ClCompile>
    <ClCompile Include="Core\GenericNode.cpp">
      <Filter>Source Files\Core</Filter>
    </ClCompile>
    <ClCompile Include="Core\GenericObjData.cpp">
      <Filter>Source Files\Core</Filter>
    </ClCompile>
    <ClCompile Include="Core\GenericObject.cpp">
      <Filter>Source Files\Core</Filter>
    </ClCompile>
    <ClCompile Include="Core\GenericObjectList.cpp">
      <Filter>Source Files\Core</Filter>
    </ClCompile>
    <ClCompile Include="Core\GenericPackage.cpp">
      <Filter>Source Files\Core</Filter>
    </ClCompile>
    <ClCompile Include="Core\GenericReferenceCounter.cpp">
      <Filter>Source Files\Core</Filter>
    </ClCompile>
    <ClCompile Include="Core\GenericSingleton.cpp">
      <Filter>Source Files\Core</Filter>
    </ClCompile>
    <ClCompile Include="Core\GeometryInfo.cpp">
      <Filter>Source Files\Core</Filter>
    </ClCompile>
    <ClCompile Include="Core\GizmoAxis.cpp">
      <Filter>Source Files\Core</Filter>
    </ClCompile>
    <ClCompile Include="Core\Godz.cpp">
      <Filter>Source Files\Core</Filter>
    </ClCompile>
    <ClCompile Include="Core\GodzAssert.cpp">
      <Filter>Source Files\Core</Filter>
    </ClCompile>
    <ClCompile Include="Core\GodzAtomics.cpp">
      <Filter>Source Files\Core</Filter>
    </ClCompile>
    <ClCompile Include="Core\GodzEngine.cpp">
      <Filter>Source Files\Core</Filter>
    </ClCompile>
    <ClCompile Include="Core\GodzUtil.cpp">
      <Filter>Source Files\Core</Filter>
    </ClCompile>
    <ClCompile Include="Core\GSAFileImporter.cpp">
      <Filter>Source Files\Core</Filter>
    </ClCompile>
    <ClCompile Include="Core\HeapUnit.cpp">
      <Filter>Source Files\Core</Filter>
    </ClCompile>
    <ClCompile Include="Core\HString.cpp">
      <Filter>Source Files\Core</Filter>
    </ClCompile>
    <ClCompile Include="Core\HStringTable.cpp">
      <Filter>Source Files\Core</Filter>
    </ClCompile>
    <ClCompile Include="Core\IDriver.cpp">
      <Filter>Source Files\Core</Filter>
    </ClCompile>
    <ClCompile Include="Core\IGenericConfig.cpp">
      <Filter>Source Files\Core</Filter>
    </ClCompile>
    <ClCompile Include="Core\InputSystem.cpp">
      <Filter>Source Files\Core</Filter>
    </ClCompile>
    <ClCompile Include="Core\Job.cpp">
      <Filter>Source Files\Core</Filter>
    </ClCompile>
    <ClCompile Include="Core\JobManager.cpp">
      <Filter>Source Files\Core</Filter>
    </ClCompile>
    <ClCompile Include="Core\JobThread.cpp">
      <Filter>Source Files\Core</Filter>
    </ClCompile>
    <ClCompile Include="Core\Layer.cpp">
      <Filter>Source Files\Core</Filter>
    </ClCompile>
    <ClCompile Include="Core\LevelNode.cpp">
      <Filter>Source Files\Core</Filter>
    </ClCompile>
    <ClCompile Include="Core\Lightmap.cpp">
      <Filter>Source Files\Core</Filter>
    </ClCompile>
    <ClCompile Include="Core\Logger.cpp">
      <Filter>Source Files\Core</Filter>
    </ClCompile>
    <ClCompile Include="Core\Material.cpp">
      <Filter>Source Files\Core</Filter>
    </ClCompile>
    <ClCompile Include="Core\MaterialInfo.cpp">
      <Filter>Source Files\Core</Filter>
    </ClCompile>
    <ClCompile Include="Core\MemoryMngr.cpp">
      <Filter>Source Files\Core</Filter>
    </ClCompile>
    <ClCompile Include="Core\Mesh.cpp">
      <Filter>Source Files\Core</Filter>
    </ClCompile>
    <ClCompile Include="Core\MeshImporter.cpp">
      <Filter>Source Files\Core</Filter>
    </ClCompile>
    <ClCompile Include="Core\MeshInstance.cpp">
      <Filter>Source Files\Core</Filter>
    </ClCompile>
    <ClCompile Include="Core\mmgr.cpp">
      <Filter>Source Files\Core</Filter>
    </ClCompile>
    <ClCompile Include="Core\ModelResource.cpp">
      <Filter>Source Files\Core</Filter>
    </ClCompile>
    <ClCompile Include="Core\NavigationMesh.cpp">
      <Filter>Source Files\Core</Filter>
    </ClCompile>
    <ClCompile Include="Core\NavMeshInfo.cpp">
      <Filter>Source Files\Core</Filter>
    </ClCompile>
    <ClCompile Include="Core\ObjectStateChangeEvent.cpp">
      <Filter>Source Files\Core</Filter>
    </ClCompile>
    <ClCompile Include="Core\OctreeSceneNode.cpp">
      <Filter>Source Files\Core</Filter>
    </ClCompile>
    <ClCompile Include="Core\PackageList.cpp">
      <Filter>Source Files\Core</Filter>
    </ClCompile>
    <ClCompile Include="Core\PerformanceTracker.cpp">
      <Filter>Source Files\Core</Filter>
    </ClCompile>
    <ClCompile Include="Core\PlayerSkill.cpp">
      <Filter>Source Files\Core</Filter>
    </ClCompile>
    <ClCompile Include="Core\RenderData.cpp">
      <Filter>Source Files\Core</Filter>
    </ClCompile>
    <ClCompile Include="Core\RenderDeviceEvent.cpp">
      <Filter>Source Files\Core</Filter>
    </ClCompile>
    <ClCompile Include="Core\Renderer.cpp">
      <Filter>Source Files\Core</Filter>
    </ClCompile>
    <ClCompile Include="Core\RenderOptions.cpp">
      <Filter>Source Files\Core</Filter>
    </ClCompile>
    <ClCompile Include="Core\RenderQueue.cpp">
      <Filter>Source Files\Core</Filter>
    </ClCompile>
    <ClCompile Include="Core\ResourceFactory.cpp">
      <Filter>Source Files\Core</Filter>
    </ClCompile>
    <ClCompile Include="Core\ResourceManager.cpp">
      <Filter>Source Files\Core</Filter>
    </ClCompile>
    <ClCompile Include="Core\ResourceObject.cpp">
      <Filter>Source Files\Core</Filter>
    </ClCompile>
    <ClCompile Include="Core\RString.cpp">
      <Filter>Source Files\Core</Filter>
    </ClCompile>
    <ClCompile Include="Core\SceneData.cpp">
      <Filter>Source Files\Core</Filter>
    </ClCompile>
    <ClCompile Include="Core\SceneManager.cpp">
      <Filter>Source Files\Core</Filter>
    </ClCompile>
    <ClCompile Include="Core\SceneNode.cpp">
      <Filter>Source Files\Core</Filter>
    </ClCompile>
    <ClCompile Include="Core\ShaderLoader.cpp">
      <Filter>Source Files\Core</Filter>
    </ClCompile>
    <ClCompile Include="Core\ShaderManager.cpp">
      <Filter>Source Files\Core</Filter>
    </ClCompile>
    <ClCompile Include="Core\ShaderResource.cpp">
      <Filter>Source Files\Core</Filter>
    </ClCompile>
    <ClCompile Include="Core\ShadowMapManager.cpp">
      <Filter>Source Files\Core</Filter>
    </ClCompile>
    <ClCompile Include="Core\SkeletalMesh.cpp">
      <Filter>Source Files\Core</Filter>
    </ClCompile>
    <ClCompile Include="Core\SkelMeshInstance.cpp">
      <Filter>Source Files\Core</Filter>
    </ClCompile>
    <ClCompile Include="Core\StringBuffer.cpp">
      <Filter>Source Files\Core</Filter>
    </ClCompile>
    <ClCompile Include="Core\StringTokenizer.cpp">
      <Filter>Source Files\Core</Filter>
    </ClCompile>
    <ClCompile Include="Core\TextureResource.cpp">
      <Filter>Source Files\Core</Filter>
    </ClCompile>
    <ClCompile Include="Core\Timer.cpp">
      <Filter>Source Files\Core</Filter>
    </ClCompile>
    <ClCompile Include="Core\VertexTypes.cpp">
      <Filter>Source Files\Core</Filter>
    </ClCompile>
    <ClCompile Include="Core\ViewportInterface.cpp">
      <Filter>Source Files\Core</Filter>
    </ClCompile>
    <ClCompile Include="Core\Win32Interface.cpp">
      <Filter>Source Files\Core</Filter>
    </ClCompile>
    <ClCompile Include="Core\WindowManager.cpp">
      <Filter>Source Files\Core</Filter>
    </ClCompile>
    <ClCompile Include="Core\EntityEvents.cpp">
      <Filter>Source Files\Core\Entity</Filter>
    </ClCompile>
    <ClCompile Include="Core\EntityTemplate.cpp">
      <Filter>Source Files\Core\Entity</Filter>
    </ClCompile>
    <ClCompile Include="Core\MActor.cpp">
      <Filter>Source Files\Core\Entity</Filter>
    </ClCompile>
    <ClCompile Include="Core\ObjectTemplate.cpp">
      <Filter>Source Files\Core\Entity</Filter>
    </ClCompile>
    <ClCompile Include="Core\WCamera.cpp">
      <Filter>Source Files\Core\Entity</Filter>
    </ClCompile>
    <ClCompile Include="Core\WDynamicLight.cpp">
      <Filter>Source Files\Core\Entity</Filter>
    </ClCompile>
    <ClCompile Include="Core\WEntity.cpp">
      <Filter>Source Files\Core\Entity</Filter>
    </ClCompile>
    <ClCompile Include="Core\WPhysicsVolume.cpp">
      <Filter>Source Files\Core\Entity</Filter>
    </ClCompile>
    <ClCompile Include="Core\WPointLight.cpp">
      <Filter>Source Files\Core\Entity</Filter>
    </ClCompile>
    <ClCompile Include="Core\WShadowPointLight.cpp">
      <Filter>Source Files\Core\Entity</Filter>
    </ClCompile>
    <ClCompile Include="Core\WShadowSpotLight.cpp">
      <Filter>Source Files\Core\Entity</Filter>
    </ClCompile>
    <ClCompile Include="Core\WSkyDome.cpp">
      <Filter>Source Files\Core\Entity</Filter>
    </ClCompile>
    <ClCompile Include="Core\WSpotLight.cpp">
      <Filter>Source Files\Core\Entity</Filter>
    </ClCompile>
    <ClCompile Include="Core\WSunLight.cpp">
      <Filter>Source Files\Core\Entity</Filter>
    </ClCompile>
    <ClCompile Include="Core\AsyncFileLoader.cpp">
      <Filter>Source Files\Core\io</Filter>
    </ClCompile>
    <ClCompile Include="Core\AsyncFileObserver.cpp">
      <Filter>Source Files\Core\io</Filter>
    </ClCompile>
    <ClCompile Include="Core\FileReader.cpp">
      <Filter>Source Files\Core\io</Filter>
    </ClCompile>
    <ClCompile Include="Core\FileWriter.cpp">
      <Filter>Source Files\Core\io</Filter>
    </ClCompile>
    <ClCompile Include="Core\Name.cpp">
      <Filter>Source Files\Core\io</Filter>
    </ClCompile>
    <ClCompile Include="Core\NameTable.cpp">
      <Filter>Source Files\Core\io</Filter>
    </ClCompile>
    <ClCompile Include="Core\PackageReader.cpp">
      <Filter>Source Files\Core\io</Filter>
    </ClCompile>
    <ClCompile Include="Core\PackageWriter.cpp">
      <Filter>Source Files\Core\io</Filter>
    </ClCompile>
    <ClCompile Include="Core\SerializedContentHandler.cpp">
      <Filter>Source Files\Core\io</Filter>
    </ClCompile>
    <ClCompile Include="Core\GUIControl.cpp">
      <Filter>Source Files\Core\ui</Filter>
    </ClCompile>
    <ClCompile Include="Core\GUIController.cpp">
      <Filter>Source Files\Core\ui</Filter>
    </ClCompile>
    <ClCompile Include="Core\GUIMenu.cpp">
      <Filter>Source Files\Core\ui</Filter>
    </ClCompile>
    <ClCompile Include="Reflection\ClassProperty.cpp">
      <Filter>Source Files\Reflection</Filter>
    </ClCompile>
    <ClCompile Include="Reflection\DataConversions.cpp">
      <Filter>Source Files\Reflection</Filter>
    </ClCompile>
    <ClCompile Include="Reflection\GenericClass.cpp">
      <Filter>Source Files\Reflection</Filter>
    </ClCompile>
    <ClCompile Include="Reflection\PropertyStruct.cpp">
      <Filter>Source Files\Reflection</Filter>
    </ClCompile>
    <ClCompile Include="Reflection\PropertyValue.cpp">
      <Filter>Source Files\Reflection</Filter>
    </ClCompile>
    <ClCompile Include="Reflection\Struct.cpp">
      <Filter>Source Files\Reflection</Filter>
    </ClCompile>
    <ClCompile Include="Reflection\StructProperty.cpp">
      <Filter>Source Files\Reflection</Filter>
    </ClCompile>
    <ClCompile Include="Animation\AnimationController.cpp">
      <Filter>Source Files\Animation</Filter>
    </ClCompile>
    <ClCompile Include="Animation\AnimationDesc.cpp">
      <Filter>Source Files\Animation</Filter>
    </ClCompile>
    <ClCompile Include="Animation\AnimationInstance.cpp">
      <Filter>Source Files\Animation</Filter>
    </ClCompile>
    <ClCompile Include="Animation\AnimationTable.cpp">
      <Filter>Source Files\Animation</Filter>
    </ClCompile>
    <ClCompile Include="Animation\AnimationTrigger.cpp">
      <Filter>Source Files\Animation</Filter>
    </ClCompile>
    <ClCompile Include="Animation\Bone.cpp">
      <Filter>Source Files\Animation</Filter>
    </ClCompile>
    <ClCompile Include="Animation\Skeleton.cpp">
      <Filter>Source Files\Animation</Filter>
    </ClCompile>
    <ClCompile Include="Collision\AABBCollisionPrimitive.cpp">
      <Filter>Source Files\Collision</Filter>
    </ClCompile>
    <ClCompile Include="Collision\AABBTree.cpp">
      <Filter>Source Files\Collision</Filter>
    </ClCompile>
    <ClCompile Include="Collision\CollisionList.cpp">
      <Filter>Source Files\Collision</Filter>
    </ClCompile>
    <ClCompile Include="Collision\CollisionSystems.cpp">
      <Filter>Source Files\Collision</Filter>
    </ClCompile>
    <ClCompile Include="Collision\CollisonUtil.cpp">
      <Filter>Source Files\Collision</Filter>
    </ClCompile>
    <ClCompile Include="Collision\colmath.cpp">
      <Filter>Source Files\Collision</Filter>
    </ClCompile>
    <ClCompile Include="Collision\GeoBuilder.cpp">
      <Filter>Source Files\Collision</Filter>
    </ClCompile>
    <ClCompile Include="Collision\OBBCollisionPrimitive.cpp">
      <Filter>Source Files\Collision</Filter>
    </ClCompile>
    <ClCompile Include="Collision\PhysicsObject.cpp">
      <Filter>Source Files\Collision</Filter>
    </ClCompile>
    <ClCompile Include="Collision\PhysicsObjectProxy.cpp">
      <Filter>Source Files\Collision</Filter>
    </ClCompile>
    <ClCompile Include="Collision\PhysicsWorld.cpp">
      <Filter>Source Files\Collision</Filter>
    </ClCompile>
    <ClCompile Include="Collision\RayCollider.cpp">
      <Filter>Source Files\Collision</Filter>
    </ClCompile>
    <ClCompile Include="Collision\SphereCollisionPrimitive.cpp">
      <Filter>Source Files\Collision</Filter>
    </ClCompile>
    <ClCompile Include="Gameplay\MTActorComponent.cpp">
      <Filter>Source Files\Gameplay</Filter>
    </ClCompile>
    <ClCompile Include="Core\atomic_ref.cpp">
      <Filter>Source Files\Core</Filter>
    </ClCompile>
    <ClCompile Include="Core\VisualComponent.cpp">
      <Filter>Source Files\Core\Entity</Filter>
    </ClCompile>
    <ClCompile Include="Core\EntityComponent.cpp">
      <Filter>Source Files\Core\Entity</Filter>
    </ClCompile>
    <ClCompile Include="Core\SlotIndex.cpp">
      <Filter>Source Files\Core</Filter>
    </ClCompile>
    <ClCompile Include="Core\RenderList.cpp">
      <Filter>Source Files\Core</Filter>
    </ClCompile>
    <ClCompile Include="Core\RenderDeviceObject.cpp">
      <Filter>Source Files\Core</Filter>
    </ClCompile>
    <ClCompile Include="Math\EulerAngleConverter.cpp">
      <Filter>Source Files\Math</Filter>
    </ClCompile>
  </ItemGroup>
  <ItemGroup>
    <ClInclude Include="Gameplay\AssetStreamEntityComponent.h">
      <Filter>Source Files\Gameplay</Filter>
    </ClInclude>
    <ClInclude Include="Gameplay\Bot.h">
      <Filter>Source Files\Gameplay</Filter>
    </ClInclude>
    <ClInclude Include="Gameplay\CharacterTemplate.h">
      <Filter>Source Files\Gameplay</Filter>
    </ClInclude>
    <ClInclude Include="Gameplay\DamageTypes.h">
      <Filter>Source Files\Gameplay</Filter>
    </ClInclude>
    <ClInclude Include="Gameplay\GameplayClasses.h">
      <Filter>Source Files\Gameplay</Filter>
    </ClInclude>
    <ClInclude Include="Gameplay\HitInfo.h">
      <Filter>Source Files\Gameplay</Filter>
    </ClInclude>
    <ClInclude Include="Gameplay\MBot.h">
      <Filter>Source Files\Gameplay</Filter>
    </ClInclude>
    <ClInclude Include="Gameplay\PathFinder.h">
      <Filter>Source Files\Gameplay</Filter>
    </ClInclude>
    <ClInclude Include="Gameplay\PhysicsEntityComponent.h">
      <Filter>Source Files\Gameplay</Filter>
    </ClInclude>
    <ClInclude Include="Gameplay\Projectile.h">
      <Filter>Source Files\Gameplay</Filter>
    </ClInclude>
    <ClInclude Include="Gameplay\ProjectileTrigger.h">
      <Filter>Source Files\Gameplay</Filter>
    </ClInclude>
    <ClInclude Include="Gameplay\SpawnPoint.h">
      <Filter>Source Files\Gameplay</Filter>
    </ClInclude>
    <ClInclude Include="Gameplay\Waypoint.h">
      <Filter>Source Files\Gameplay</Filter>
    </ClInclude>
    <ClInclude Include="Gameplay\WCharacter.h">
      <Filter>Source Files\Gameplay</Filter>
    </ClInclude>
    <ClInclude Include="Gameplay\WController.h">
      <Filter>Source Files\Gameplay</Filter>
    </ClInclude>
    <ClInclude Include="Gameplay\WPlayerController.h">
      <Filter>Source Files\Gameplay</Filter>
    </ClInclude>
    <ClInclude Include="Math\AxisAngle.h">
      <Filter>Source Files\Math</Filter>
    </ClInclude>
    <ClInclude Include="Math\BulletMathUtil.h">
      <Filter>Source Files\Math</Filter>
    </ClInclude>
    <ClInclude Include="Math\EulerAngle.h">
      <Filter>Source Files\Math</Filter>
    </ClInclude>
    <ClInclude Include="Math\GodzMath.h">
      <Filter>Source Files\Math</Filter>
    </ClInclude>
    <ClInclude Include="Math\IntersectionAxis.h">
      <Filter>Source Files\Math</Filter>
    </ClInclude>
    <ClInclude Include="Math\NumberRange.h">
      <Filter>Source Files\Math</Filter>
    </ClInclude>
    <ClInclude Include="Math\OBBox.h">
      <Filter>Source Files\Math</Filter>
    </ClInclude>
    <ClInclude Include="Math\ProjectionMatrixInfo.h">
      <Filter>Source Files\Math</Filter>
    </ClInclude>
    <ClInclude Include="Math\Quaternion.h">
      <Filter>Source Files\Math</Filter>
    </ClInclude>
    <ClInclude Include="Math\Rect2.h">
      <Filter>Source Files\Math</Filter>
    </ClInclude>
    <ClInclude Include="Math\Vector2.h">
      <Filter>Source Files\Math</Filter>
    </ClInclude>
    <ClInclude Include="Math\Vector3.h">
      <Filter>Source Files\Math</Filter>
    </ClInclude>
    <ClInclude Include="Math\Vector4.h">
      <Filter>Source Files\Math</Filter>
    </ClInclude>
    <ClInclude Include="Math\vectormath.h">
      <Filter>Source Files\Math</Filter>
    </ClInclude>
    <ClInclude Include="Math\ViewFrustum.h">
      <Filter>Source Files\Math</Filter>
    </ClInclude>
    <ClInclude Include="Math\ViewMatrixInfo.h">
      <Filter>Source Files\Math</Filter>
    </ClInclude>
    <ClInclude Include="Math\WBox.h">
      <Filter>Source Files\Math</Filter>
    </ClInclude>
    <ClInclude Include="Math\WGeometry.h">
      <Filter>Source Files\Math</Filter>
    </ClInclude>
    <ClInclude Include="Math\WMatrix.h">
      <Filter>Source Files\Math</Filter>
    </ClInclude>
    <ClInclude Include="Math\WMatrix3.h">
      <Filter>Source Files\Math</Filter>
    </ClInclude>
    <ClInclude Include="Math\WMatrixUtil.h">
      <Filter>Source Files\Math</Filter>
    </ClInclude>
    <ClInclude Include="Math\WPlane.h">
      <Filter>Source Files\Math</Filter>
    </ClInclude>
    <ClInclude Include="Math\WRay.h">
      <Filter>Source Files\Math</Filter>
    </ClInclude>
    <ClInclude Include="Math\WSphere.h">
      <Filter>Source Files\Math</Filter>
    </ClInclude>
    <ClInclude Include="HUD\HUD.h">
      <Filter>Source Files\HUD</Filter>
    </ClInclude>
    <ClInclude Include="HUD\ICanvas.h">
      <Filter>Source Files\HUD</Filter>
    </ClInclude>
    <ClInclude Include="HUD\Widget.h">
      <Filter>Source Files\HUD</Filter>
    </ClInclude>
    <ClInclude Include="HUD\WidgetInfo.h">
      <Filter>Source Files\HUD</Filter>
    </ClInclude>
    <ClInclude Include="ozlib\dist_pointline.h">
      <Filter>Source Files\ozlib</Filter>
    </ClInclude>
    <ClInclude Include="ozlib\intr_lineline.h">
      <Filter>Source Files\ozlib</Filter>
    </ClInclude>
    <ClInclude Include="ozlib\intr_sphereline.h">
      <Filter>Source Files\ozlib</Filter>
    </ClInclude>
    <ClInclude Include="ozlib\intr_spheretri.h">
      <Filter>Source Files\ozlib</Filter>
    </ClInclude>
    <ClInclude Include="ozlib\intr_tripoint.h">
      <Filter>Source Files\ozlib</Filter>
    </ClInclude>
    <ClInclude Include="ozlib\plane.h">
      <Filter>Source Files\ozlib</Filter>
    </ClInclude>
    <ClInclude Include="ozlib\sphere.h">
      <Filter>Source Files\ozlib</Filter>
    </ClInclude>
    <ClInclude Include="ozlib\vec2f.h">
      <Filter>Source Files\ozlib</Filter>
    </ClInclude>
    <ClInclude Include="ozlib\vec3f.h">
      <Filter>Source Files\ozlib</Filter>
    </ClInclude>
    <ClInclude Include="Graphics\DebugRenderer.h">
      <Filter>Source Files\Graphics</Filter>
    </ClInclude>
    <ClInclude Include="Graphics\DeferredRenderManager.h">
      <Filter>Source Files\Graphics</Filter>
    </ClInclude>
    <ClInclude Include="Graphics\GpuEvent.h">
      <Filter>Source Files\Graphics</Filter>
    </ClInclude>
    <ClInclude Include="Graphics\RendererHelper.h">
      <Filter>Source Files\Graphics</Filter>
    </ClInclude>
    <ClInclude Include="PlayerSkills\PlayerSkill_Body.h">
      <Filter>Source Files\PlayerSkills</Filter>
    </ClInclude>
    <ClInclude Include="PlayerSkills\SkillDatabase.h">
      <Filter>Source Files\PlayerSkills</Filter>
    </ClInclude>
    <ClInclude Include="Core\BlurManager.h">
      <Filter>Source Files\Core</Filter>
    </ClInclude>
    <ClInclude Include="Core\BoneSystem.h">
      <Filter>Source Files\Core</Filter>
    </ClInclude>
    <ClInclude Include="Core\ClassRegistry.h">
      <Filter>Source Files\Core</Filter>
    </ClInclude>
    <ClInclude Include="Core\Color4f.h">
      <Filter>Source Files\Core</Filter>
    </ClInclude>
    <ClInclude Include="Core\CoreClasses.h">
      <Filter>Source Files\Core</Filter>
    </ClInclude>
    <ClInclude Include="Core\CoreFramework.h">
      <Filter>Source Files\Core</Filter>
    </ClInclude>
    <ClInclude Include="Core\crc32.h">
      <Filter>Source Files\Core</Filter>
    </ClInclude>
    <ClInclude Include="Core\debug.h">
      <Filter>Source Files\Core</Filter>
    </ClInclude>
    <ClInclude Include="Core\DeviceCreation.h">
      <Filter>Source Files\Core</Filter>
    </ClInclude>
    <ClInclude Include="Core\EditorEvents.h">
      <Filter>Source Files\Core</Filter>
    </ClInclude>
    <ClInclude Include="Core\FPSCounter.h">
      <Filter>Source Files\Core</Filter>
    </ClInclude>
    <ClInclude Include="Core\GDZArchive.h">
      <Filter>Source Files\Core</Filter>
    </ClInclude>
    <ClInclude Include="Core\GenericNode.h">
      <Filter>Source Files\Core</Filter>
    </ClInclude>
    <ClInclude Include="Core\GenericObjData.h">
      <Filter>Source Files\Core</Filter>
    </ClInclude>
    <ClInclude Include="Core\GenericObject.h">
      <Filter>Source Files\Core</Filter>
    </ClInclude>
    <ClInclude Include="Core\GenericObjectList.h">
      <Filter>Source Files\Core</Filter>
    </ClInclude>
    <ClInclude Include="Core\GenericPackage.h">
      <Filter>Source Files\Core</Filter>
    </ClInclude>
    <ClInclude Include="Core\GenericReferenceCounter.h">
      <Filter>Source Files\Core</Filter>
    </ClInclude>
    <ClInclude Include="Core\GenericSingleton.h">
      <Filter>Source Files\Core</Filter>
    </ClInclude>
    <ClInclude Include="Core\GeometryInfo.h">
      <Filter>Source Files\Core</Filter>
    </ClInclude>
    <ClInclude Include="Core\GizmoAxis.h">
      <Filter>Source Files\Core</Filter>
    </ClInclude>
    <ClInclude Include="Core\Godz.h">
      <Filter>Source Files\Core</Filter>
    </ClInclude>
    <ClInclude Include="Core\GodzAssert.h">
      <Filter>Source Files\Core</Filter>
    </ClInclude>
    <ClInclude Include="Core\GodzAtomics.h">
      <Filter>Source Files\Core</Filter>
    </ClInclude>
    <ClInclude Include="Core\GodzEngine.h">
      <Filter>Source Files\Core</Filter>
    </ClInclude>
    <ClInclude Include="Core\GodzExports.h">
      <Filter>Source Files\Core</Filter>
    </ClInclude>
    <ClInclude Include="Core\GodzMutex.h">
      <Filter>Source Files\Core</Filter>
    </ClInclude>
    <ClInclude Include="Core\GodzUtil.h">
      <Filter>Source Files\Core</Filter>
    </ClInclude>
    <ClInclude Include="Core\GodzVector.h">
      <Filter>Source Files\Core</Filter>
    </ClInclude>
    <ClInclude Include="Core\GSAFileImporter.h">
      <Filter>Source Files\Core</Filter>
    </ClInclude>
    <ClInclude Include="Core\HDRManager.h">
      <Filter>Source Files\Core</Filter>
    </ClInclude>
    <ClInclude Include="Core\HeapUnit.h">
      <Filter>Source Files\Core</Filter>
    </ClInclude>
    <ClInclude Include="Core\HString.h">
      <Filter>Source Files\Core</Filter>
    </ClInclude>
    <ClInclude Include="Core\HStringTable.h">
      <Filter>Source Files\Core</Filter>
    </ClInclude>
    <ClInclude Include="Core\IAnimNotify.h">
      <Filter>Source Files\Core</Filter>
    </ClInclude>
    <ClInclude Include="Core\ICollisionCallback.h">
      <Filter>Source Files\Core</Filter>
    </ClInclude>
    <ClInclude Include="Core\IDriver.h">
      <Filter>Source Files\Core</Filter>
    </ClInclude>
    <ClInclude Include="Core\IGenericConfig.h">
      <Filter>Source Files\Core</Filter>
    </ClInclude>
    <ClInclude Include="Core\InputSystem.h">
      <Filter>Source Files\Core</Filter>
    </ClInclude>
    <ClInclude Include="Core\Inventory.h">
      <Filter>Source Files\Core</Filter>
    </ClInclude>
    <ClInclude Include="Core\IWindow.h">
      <Filter>Source Files\Core</Filter>
    </ClInclude>
    <ClInclude Include="Core\Job.h">
      <Filter>Source Files\Core</Filter>
    </ClInclude>
    <ClInclude Include="Core\JobManager.h">
      <Filter>Source Files\Core</Filter>
    </ClInclude>
    <ClInclude Include="Core\JobThread.h">
      <Filter>Source Files\Core</Filter>
    </ClInclude>
    <ClInclude Include="Core\Layer.h">
      <Filter>Source Files\Core</Filter>
    </ClInclude>
    <ClInclude Include="Core\LevelNode.h">
      <Filter>Source Files\Core</Filter>
    </ClInclude>
    <ClInclude Include="Core\Lightmap.h">
      <Filter>Source Files\Core</Filter>
    </ClInclude>
    <ClInclude Include="Core\Logger.h">
      <Filter>Source Files\Core</Filter>
    </ClInclude>
    <ClInclude Include="Core\Material.h">
      <Filter>Source Files\Core</Filter>
    </ClInclude>
    <ClInclude Include="Core\MaterialInfo.h">
      <Filter>Source Files\Core</Filter>
    </ClInclude>
    <ClInclude Include="Core\MemoryMngr.h">
      <Filter>Source Files\Core</Filter>
    </ClInclude>
    <ClInclude Include="Core\Mesh.h">
      <Filter>Source Files\Core</Filter>
    </ClInclude>
    <ClInclude Include="Core\MeshImporter.h">
      <Filter>Source Files\Core</Filter>
    </ClInclude>
    <ClInclude Include="Core\MeshInstance.h">
      <Filter>Source Files\Core</Filter>
    </ClInclude>
    <ClInclude Include="Core\mmgr.h">
      <Filter>Source Files\Core</Filter>
    </ClInclude>
    <ClInclude Include="Core\ModelResource.h">
      <Filter>Source Files\Core</Filter>
    </ClInclude>
    <ClInclude Include="Core\NavigationMesh.h">
      <Filter>Source Files\Core</Filter>
    </ClInclude>
    <ClInclude Include="Core\NavMeshInfo.h">
      <Filter>Source Files\Core</Filter>
    </ClInclude>
    <ClInclude Include="Core\ObjectStateChangeEvent.h">
      <Filter>Source Files\Core</Filter>
    </ClInclude>
    <ClInclude Include="Core\OctreeSceneNode.h">
      <Filter>Source Files\Core</Filter>
    </ClInclude>
    <ClInclude Include="Core\PackageList.h">
      <Filter>Source Files\Core</Filter>
    </ClInclude>
    <ClInclude Include="Core\PerformanceTracker.h">
      <Filter>Source Files\Core</Filter>
    </ClInclude>
    <ClInclude Include="Core\PlayerSkill.h">
      <Filter>Source Files\Core</Filter>
    </ClInclude>
    <ClInclude Include="Core\PropertyNames.h">
      <Filter>Source Files\Core</Filter>
    </ClInclude>
    <ClInclude Include="Core\RenderData.h">
      <Filter>Source Files\Core</Filter>
    </ClInclude>
    <ClInclude Include="Core\RenderDeviceBox.h">
      <Filter>Source Files\Core</Filter>
    </ClInclude>
    <ClInclude Include="Core\RenderDeviceEvent.h">
      <Filter>Source Files\Core</Filter>
    </ClInclude>
    <ClInclude Include="Core\RenderDeviceObject.h">
      <Filter>Source Files\Core</Filter>
    </ClInclude>
    <ClInclude Include="Core\Renderer.h">
      <Filter>Source Files\Core</Filter>
    </ClInclude>
    <ClInclude Include="Core\RenderOptions.h">
      <Filter>Source Files\Core</Filter>
    </ClInclude>
    <ClInclude Include="Core\RenderQueue.h">
      <Filter>Source Files\Core</Filter>
    </ClInclude>
    <ClInclude Include="Core\ResourceFactory.h">
      <Filter>Source Files\Core</Filter>
    </ClInclude>
    <ClInclude Include="Core\ResourceManager.h">
      <Filter>Source Files\Core</Filter>
    </ClInclude>
    <ClInclude Include="Core\ResourceObject.h">
      <Filter>Source Files\Core</Filter>
    </ClInclude>
    <ClInclude Include="Core\RString.h">
      <Filter>Source Files\Core</Filter>
    </ClInclude>
    <ClInclude Include="Core\SceneData.h">
      <Filter>Source Files\Core</Filter>
    </ClInclude>
    <ClInclude Include="Core\SceneElement.h">
      <Filter>Source Files\Core</Filter>
    </ClInclude>
    <ClInclude Include="Core\SceneInfo.h">
      <Filter>Source Files\Core</Filter>
    </ClInclude>
    <ClInclude Include="Core\SceneLight.h">
      <Filter>Source Files\Core</Filter>
    </ClInclude>
    <ClInclude Include="Core\SceneManager.h">
      <Filter>Source Files\Core</Filter>
    </ClInclude>
    <ClInclude Include="Core\SceneNode.h">
      <Filter>Source Files\Core</Filter>
    </ClInclude>
    <ClInclude Include="Core\ScreenDimension.h">
      <Filter>Source Files\Core</Filter>
    </ClInclude>
    <ClInclude Include="Core\ShaderLoader.h">
      <Filter>Source Files\Core</Filter>
    </ClInclude>
    <ClInclude Include="Core\ShaderManager.h">
      <Filter>Source Files\Core</Filter>
    </ClInclude>
    <ClInclude Include="Core\ShaderResource.h">
      <Filter>Source Files\Core</Filter>
    </ClInclude>
    <ClInclude Include="Core\ShaderTechniqueList.h">
      <Filter>Source Files\Core</Filter>
    </ClInclude>
    <ClInclude Include="Core\ShadowMapManager.h">
      <Filter>Source Files\Core</Filter>
    </ClInclude>
    <ClInclude Include="Core\SkeletalMesh.h">
      <Filter>Source Files\Core</Filter>
    </ClInclude>
    <ClInclude Include="Core\SkelMeshInstance.h">
      <Filter>Source Files\Core</Filter>
    </ClInclude>
    <ClInclude Include="Core\Sort.h">
      <Filter>Source Files\Core</Filter>
    </ClInclude>
    <ClInclude Include="Core\StringBuffer.h">
      <Filter>Source Files\Core</Filter>
    </ClInclude>
    <ClInclude Include="Core\StringTokenizer.h">
      <Filter>Source Files\Core</Filter>
    </ClInclude>
    <ClInclude Include="Core\TextureInfo.h">
      <Filter>Source Files\Core</Filter>
    </ClInclude>
    <ClInclude Include="Core\TextureResource.h">
      <Filter>Source Files\Core</Filter>
    </ClInclude>
    <ClInclude Include="Core\Timer.h">
      <Filter>Source Files\Core</Filter>
    </ClInclude>
    <ClInclude Include="Core\TriangleList.h">
      <Filter>Source Files\Core</Filter>
    </ClInclude>
    <ClInclude Include="Core\VertexTypes.h">
      <Filter>Source Files\Core</Filter>
    </ClInclude>
    <ClInclude Include="Core\ViewportEvents.h">
      <Filter>Source Files\Core</Filter>
    </ClInclude>
    <ClInclude Include="Core\ViewportInterface.h">
      <Filter>Source Files\Core</Filter>
    </ClInclude>
    <ClInclude Include="Core\Win32Interface.h">
      <Filter>Source Files\Core</Filter>
    </ClInclude>
    <ClInclude Include="Core\WindowManager.h">
      <Filter>Source Files\Core</Filter>
    </ClInclude>
    <ClInclude Include="Core\CameraInfo.h">
      <Filter>Source Files\Core\Entity</Filter>
    </ClInclude>
    <ClInclude Include="Core\EntityComponent.h">
      <Filter>Source Files\Core\Entity</Filter>
    </ClInclude>
    <ClInclude Include="Core\EntityEvents.h">
      <Filter>Source Files\Core\Entity</Filter>
    </ClInclude>
    <ClInclude Include="Core\EntityPass.h">
      <Filter>Source Files\Core\Entity</Filter>
    </ClInclude>
    <ClInclude Include="Core\EntityTemplate.h">
      <Filter>Source Files\Core\Entity</Filter>
    </ClInclude>
    <ClInclude Include="Core\MActor.h">
      <Filter>Source Files\Core\Entity</Filter>
    </ClInclude>
    <ClInclude Include="Core\ObjectTemplate.h">
      <Filter>Source Files\Core\Entity</Filter>
    </ClInclude>
    <ClInclude Include="Core\SkyDome.h">
      <Filter>Source Files\Core\Entity</Filter>
    </ClInclude>
    <ClInclude Include="Core\WCamera.h">
      <Filter>Source Files\Core\Entity</Filter>
    </ClInclude>
    <ClInclude Include="Core\WDynamicLight.h">
      <Filter>Source Files\Core\Entity</Filter>
    </ClInclude>
    <ClInclude Include="Core\WEntity.h">
      <Filter>Source Files\Core\Entity</Filter>
    </ClInclude>
    <ClInclude Include="Core\WPhysicsVolume.h">
      <Filter>Source Files\Core\Entity</Filter>
    </ClInclude>
    <ClInclude Include="Core\WPointLight.h">
      <Filter>Source Files\Core\Entity</Filter>
    </ClInclude>
    <ClInclude Include="Core\WShadowPointLight.h">
      <Filter>Source Files\Core\Entity</Filter>
    </ClInclude>
    <ClInclude Include="Core\WShadowSpotLight.h">
      <Filter>Source Files\Core\Entity</Filter>
    </ClInclude>
    <ClInclude Include="Core\WSkyDome.h">
      <Filter>Source Files\Core\Entity</Filter>
    </ClInclude>
    <ClInclude Include="Core\WSpotLight.h">
      <Filter>Source Files\Core\Entity</Filter>
    </ClInclude>
    <ClInclude Include="Core\WSunLight.h">
      <Filter>Source Files\Core\Entity</Filter>
    </ClInclude>
    <ClInclude Include="Core\AsyncFileLoader.h">
      <Filter>Source Files\Core\io</Filter>
    </ClInclude>
    <ClInclude Include="Core\AsyncFileObserver.h">
      <Filter>Source Files\Core\io</Filter>
    </ClInclude>
    <ClInclude Include="Core\FileReader.h">
      <Filter>Source Files\Core\io</Filter>
    </ClInclude>
    <ClInclude Include="Core\FileWriter.h">
      <Filter>Source Files\Core\io</Filter>
    </ClInclude>
    <ClInclude Include="Core\IReader.h">
      <Filter>Source Files\Core\io</Filter>
    </ClInclude>
    <ClInclude Include="Core\IWriter.h">
      <Filter>Source Files\Core\io</Filter>
    </ClInclude>
    <ClInclude Include="Core\Name.h">
      <Filter>Source Files\Core\io</Filter>
    </ClInclude>
    <ClInclude Include="Core\NameTable.h">
      <Filter>Source Files\Core\io</Filter>
    </ClInclude>
    <ClInclude Include="Core\PackageReader.h">
      <Filter>Source Files\Core\io</Filter>
    </ClInclude>
    <ClInclude Include="Core\PackageWriter.h">
      <Filter>Source Files\Core\io</Filter>
    </ClInclude>
    <ClInclude Include="Core\SerializedContentHandler.h">
      <Filter>Source Files\Core\io</Filter>
    </ClInclude>
    <ClInclude Include="Core\GUIControl.h">
      <Filter>Source Files\Core\ui</Filter>
    </ClInclude>
    <ClInclude Include="Core\GUIController.h">
      <Filter>Source Files\Core\ui</Filter>
    </ClInclude>
    <ClInclude Include="Core\GUIMenu.h">
      <Filter>Source Files\Core\ui</Filter>
    </ClInclude>
    <ClInclude Include="Reflection\ClassProperty.h">
      <Filter>Source Files\Reflection</Filter>
    </ClInclude>
    <ClInclude Include="Reflection\DataConversions.h">
      <Filter>Source Files\Reflection</Filter>
    </ClInclude>
    <ClInclude Include="Reflection\GenericClass.h">
      <Filter>Source Files\Reflection</Filter>
    </ClInclude>
    <ClInclude Include="Reflection\PropertyConvertReference.h">
      <Filter>Source Files\Reflection</Filter>
    </ClInclude>
    <ClInclude Include="Reflection\PropertyFactory.h">
      <Filter>Source Files\Reflection</Filter>
    </ClInclude>
    <ClInclude Include="Reflection\PropertyStruct.h">
      <Filter>Source Files\Reflection</Filter>
    </ClInclude>
    <ClInclude Include="Reflection\PropertyValue.h">
      <Filter>Source Files\Reflection</Filter>
    </ClInclude>
    <ClInclude Include="Reflection\Struct.h">
      <Filter>Source Files\Reflection</Filter>
    </ClInclude>
    <ClInclude Include="Reflection\StructData.h">
      <Filter>Source Files\Reflection</Filter>
    </ClInclude>
    <ClInclude Include="Reflection\StructProperty.h">
      <Filter>Source Files\Reflection</Filter>
    </ClInclude>
    <ClInclude Include="Animation\AnimationController.h">
      <Filter>Source Files\Animation</Filter>
    </ClInclude>
    <ClInclude Include="Animation\AnimationDesc.h">
      <Filter>Source Files\Animation</Filter>
    </ClInclude>
    <ClInclude Include="Animation\AnimationInstance.h">
      <Filter>Source Files\Animation</Filter>
    </ClInclude>
    <ClInclude Include="Animation\AnimationTable.h">
      <Filter>Source Files\Animation</Filter>
    </ClInclude>
    <ClInclude Include="Animation\AnimationTrigger.h">
      <Filter>Source Files\Animation</Filter>
    </ClInclude>
    <ClInclude Include="Animation\Bone.h">
      <Filter>Source Files\Animation</Filter>
    </ClInclude>
    <ClInclude Include="Animation\Skeleton.h">
      <Filter>Source Files\Animation</Filter>
    </ClInclude>
    <ClInclude Include="Animation\SkeletonNode.h">
      <Filter>Source Files\Animation</Filter>
    </ClInclude>
    <ClInclude Include="Collision\AABBCollisionPrimitive.h">
      <Filter>Source Files\Collision</Filter>
    </ClInclude>
    <ClInclude Include="Collision\AABBTree.h">
      <Filter>Source Files\Collision</Filter>
    </ClInclude>
    <ClInclude Include="Collision\CollisionList.h">
      <Filter>Source Files\Collision</Filter>
    </ClInclude>
    <ClInclude Include="Collision\CollisionPrimitive.h">
      <Filter>Source Files\Collision</Filter>
    </ClInclude>
    <ClInclude Include="Collision\CollisionResult.h">
      <Filter>Source Files\Collision</Filter>
    </ClInclude>
    <ClInclude Include="Collision\CollisionSystems.h">
      <Filter>Source Files\Collision</Filter>
    </ClInclude>
    <ClInclude Include="Collision\CollisionUtil.h">
      <Filter>Source Files\Collision</Filter>
    </ClInclude>
    <ClInclude Include="Collision\colmath.h">
      <Filter>Source Files\Collision</Filter>
    </ClInclude>
    <ClInclude Include="Collision\GeoBuilder.h">
      <Filter>Source Files\Collision</Filter>
    </ClInclude>
    <ClInclude Include="Collision\ICollisionCallback.h">
      <Filter>Source Files\Collision</Filter>
    </ClInclude>
    <ClInclude Include="Collision\OBBCollisionPrimitive.h">
      <Filter>Source Files\Collision</Filter>
    </ClInclude>
    <ClInclude Include="Collision\Physics.h">
      <Filter>Source Files\Collision</Filter>
    </ClInclude>
    <ClInclude Include="Collision\PhysicsObject.h">
      <Filter>Source Files\Collision</Filter>
    </ClInclude>
    <ClInclude Include="Collision\PhysicsObjectProxy.h">
      <Filter>Source Files\Collision</Filter>
    </ClInclude>
    <ClInclude Include="Collision\PhysicsWorld.h">
      <Filter>Source Files\Collision</Filter>
    </ClInclude>
    <ClInclude Include="Collision\RayCollider.h">
      <Filter>Source Files\Collision</Filter>
    </ClInclude>
    <ClInclude Include="Collision\SphereCollisionPrimitive.h">
      <Filter>Source Files\Collision</Filter>
    </ClInclude>
    <ClInclude Include="resource.h">
      <Filter>Resource Files</Filter>
    </ClInclude>
    <ClInclude Include="Gameplay\MTActorComponent.h">
      <Filter>Source Files\Gameplay</Filter>
    </ClInclude>
    <ClInclude Include="Core\atomic_ref.h">
      <Filter>Source Files\Core</Filter>
    </ClInclude>
    <ClInclude Include="Core\VisualComponent.h">
      <Filter>Source Files\Core\Entity</Filter>
    </ClInclude>
    <ClInclude Include="Core\SlotIndex.h">
      <Filter>Source Files\Core</Filter>
    </ClInclude>
    <ClInclude Include="Core\RenderList.h">
      <Filter>Source Files\Core</Filter>
    </ClInclude>
    <ClInclude Include="Math\EulerAngleConverter.h">
      <Filter>Source Files\Math</Filter>
    </ClInclude>
  </ItemGroup>
  <ItemGroup>
    <Image Include="Axialis_Sphere.ico">
      <Filter>Resource Files</Filter>
    </Image>
    <Image Include="BoxDemo.ico">
      <Filter>Resource Files</Filter>
    </Image>
    <Image Include="icon2.ico">
      <Filter>Resource Files</Filter>
    </Image>
    <Image Include="ModeRotate.bmp">
      <Filter>Resource Files</Filter>
    </Image>
    <Image Include="small.ico">
      <Filter>Resource Files</Filter>
    </Image>
  </ItemGroup>
  <ItemGroup>
    <Text Include="ReadMe.txt" />
  </ItemGroup>
</Project>